// !$*UTF8*$!
{
	archiveVersion = 1;
	classes = {
	};
	objectVersion = 46;
	objects = {

/* Begin PBXBuildFile section */
		D4A21A871AFA163B00456BD1 /* main.m in Sources */ = {isa = PBXBuildFile; fileRef = D4A21A861AFA163B00456BD1 /* main.m */; };
		D4A21A921AFA163B00456BD1 /* Images.xcassets in Resources */ = {isa = PBXBuildFile; fileRef = D4A21A911AFA163B00456BD1 /* Images.xcassets */; };
		D4A21AAE1AFA24B700456BD1 /* MenuScreen.cpp in Sources */ = {isa = PBXBuildFile; fileRef = D4A21AAA1AFA24B700456BD1 /* MenuScreen.cpp */; };
		D4A21AAF1AFA24B700456BD1 /* SnakyGame.cpp in Sources */ = {isa = PBXBuildFile; fileRef = D4A21AAC1AFA24B700456BD1 /* SnakyGame.cpp */; };
		D4A21AB11AFA24C000456BD1 /* Assets in Resources */ = {isa = PBXBuildFile; fileRef = D4A21AB01AFA24C000456BD1 /* Assets */; };
		D4A21B061AFA24D800456BD1 /* Game.cpp in Sources */ = {isa = PBXBuildFile; fileRef = D4A21ABC1AFA24D700456BD1 /* Game.cpp */; };
		D4A21B071AFA24D800456BD1 /* Graphics.cpp in Sources */ = {isa = PBXBuildFile; fileRef = D4A21ABE1AFA24D700456BD1 /* Graphics.cpp */; };
		D4A21B081AFA24D800456BD1 /* Image.cpp in Sources */ = {isa = PBXBuildFile; fileRef = D4A21AC01AFA24D700456BD1 /* Image.cpp */; };
		D4A21B091AFA24D800456BD1 /* Input.cpp in Sources */ = {isa = PBXBuildFile; fileRef = D4A21AC21AFA24D700456BD1 /* Input.cpp */; };
		D4A21B0F1AFA24D800456BD1 /* AppDelegate.m in Sources */ = {isa = PBXBuildFile; fileRef = D4A21AD31AFA24D800456BD1 /* AppDelegate.m */; };
		D4A21B101AFA24D800456BD1 /* AudioOS.cpp in Sources */ = {isa = PBXBuildFile; fileRef = D4A21AD41AFA24D800456BD1 /* AudioOS.cpp */; };
		D4A21B111AFA24D800456BD1 /* common.cpp in Sources */ = {isa = PBXBuildFile; fileRef = D4A21AD61AFA24D800456BD1 /* common.cpp */; };
		D4A21B121AFA24D800456BD1 /* common_platform.mm in Sources */ = {isa = PBXBuildFile; fileRef = D4A21AD91AFA24D800456BD1 /* common_platform.mm */; };
		D4A21B131AFA24D800456BD1 /* GLRenderView.mm in Sources */ = {isa = PBXBuildFile; fileRef = D4A21ADB1AFA24D800456BD1 /* GLRenderView.mm */; };
		D4A21B141AFA24D800456BD1 /* LauncherOS.mm in Sources */ = {isa = PBXBuildFile; fileRef = D4A21ADD1AFA24D800456BD1 /* LauncherOS.mm */; };
		D4A21B151AFA24D800456BD1 /* Main.storyboard in Resources */ = {isa = PBXBuildFile; fileRef = D4A21ADE1AFA24D800456BD1 /* Main.storyboard */; };
		D4A21B1B1AFA24D800456BD1 /* Saver.cpp in Sources */ = {isa = PBXBuildFile; fileRef = D4A21AEB1AFA24D800456BD1 /* Saver.cpp */; };
		D4A21B1C1AFA24D800456BD1 /* Screen.cpp in Sources */ = {isa = PBXBuildFile; fileRef = D4A21AED1AFA24D800456BD1 /* Screen.cpp */; };
		D4A21B1D1AFA24D800456BD1 /* image_helper.c in Sources */ = {isa = PBXBuildFile; fileRef = D4A21AF01AFA24D800456BD1 /* image_helper.c */; };
		D4A21B1E1AFA24D800456BD1 /* SOIL.c in Sources */ = {isa = PBXBuildFile; fileRef = D4A21AF21AFA24D800456BD1 /* SOIL.c */; };
		D4A21B1F1AFA24D800456BD1 /* stb_image_aug.c in Sources */ = {isa = PBXBuildFile; fileRef = D4A21AF41AFA24D800456BD1 /* stb_image_aug.c */; };
		D4A21B201AFA24D800456BD1 /* Animation.cpp in Sources */ = {isa = PBXBuildFile; fileRef = D4A21AF81AFA24D800456BD1 /* Animation.cpp */; };
		D4A21B211AFA24D800456BD1 /* Button.cpp in Sources */ = {isa = PBXBuildFile; fileRef = D4A21AFA1AFA24D800456BD1 /* Button.cpp */; };
		D4A21B221AFA24D800456BD1 /* Debuger.cpp in Sources */ = {isa = PBXBuildFile; fileRef = D4A21AFC1AFA24D800456BD1 /* Debuger.cpp */; };
		D4A21B231AFA24D800456BD1 /* PointX.cpp in Sources */ = {isa = PBXBuildFile; fileRef = D4A21AFE1AFA24D800456BD1 /* PointX.cpp */; };
		D4A21B241AFA24D800456BD1 /* RectX.cpp in Sources */ = {isa = PBXBuildFile; fileRef = D4A21B001AFA24D800456BD1 /* RectX.cpp */; };
		D4A21B251AFA24D800456BD1 /* Texter.cpp in Sources */ = {isa = PBXBuildFile; fileRef = D4A21B021AFA24D800456BD1 /* Texter.cpp */; };
		D4A21B261AFA24D800456BD1 /* ToggleButton.cpp in Sources */ = {isa = PBXBuildFile; fileRef = D4A21B041AFA24D800456BD1 /* ToggleButton.cpp */; };
		D4A21B281AFA251500456BD1 /* AudioToolbox.framework in Frameworks */ = {isa = PBXBuildFile; fileRef = D4A21B271AFA251500456BD1 /* AudioToolbox.framework */; };
		D4A21B2A1AFA251B00456BD1 /* OpenGLES.framework in Frameworks */ = {isa = PBXBuildFile; fileRef = D4A21B291AFA251B00456BD1 /* OpenGLES.framework */; };
		D4A21B2C1AFA252200456BD1 /* GLKit.framework in Frameworks */ = {isa = PBXBuildFile; fileRef = D4A21B2B1AFA252200456BD1 /* GLKit.framework */; };
/* End PBXBuildFile section */

/* Begin PBXFileReference section */
		D4A21A811AFA163B00456BD1 /* Snaky+.app */ = {isa = PBXFileReference; explicitFileType = wrapper.application; includeInIndex = 0; path = "Snaky+.app"; sourceTree = BUILT_PRODUCTS_DIR; };
		D4A21A851AFA163B00456BD1 /* Info.plist */ = {isa = PBXFileReference; lastKnownFileType = text.plist.xml; name = Info.plist; path = "Snaky+/Info.plist"; sourceTree = "<group>"; };
		D4A21A861AFA163B00456BD1 /* main.m */ = {isa = PBXFileReference; lastKnownFileType = sourcecode.c.objc; name = main.m; path = "Snaky+/main.m"; sourceTree = "<group>"; };
		D4A21A911AFA163B00456BD1 /* Images.xcassets */ = {isa = PBXFileReference; lastKnownFileType = folder.assetcatalog; name = Images.xcassets; path = "Snaky+/Images.xcassets"; sourceTree = "<group>"; };
		D4A21AAA1AFA24B700456BD1 /* MenuScreen.cpp */ = {isa = PBXFileReference; fileEncoding = 4; lastKnownFileType = sourcecode.cpp.cpp; name = MenuScreen.cpp; path = ../../../Sources/MenuScreen.cpp; sourceTree = "<group>"; };
		D4A21AAB1AFA24B700456BD1 /* MenuScreen.h */ = {isa = PBXFileReference; fileEncoding = 4; lastKnownFileType = sourcecode.c.h; name = MenuScreen.h; path = ../../../Sources/MenuScreen.h; sourceTree = "<group>"; };
		D4A21AAC1AFA24B700456BD1 /* SnakyGame.cpp */ = {isa = PBXFileReference; fileEncoding = 4; lastKnownFileType = sourcecode.cpp.cpp; name = SnakyGame.cpp; path = ../../../Sources/SnakyGame.cpp; sourceTree = "<group>"; };
		D4A21AAD1AFA24B700456BD1 /* SnakyGame.h */ = {isa = PBXFileReference; fileEncoding = 4; lastKnownFileType = sourcecode.c.h; name = SnakyGame.h; path = ../../../Sources/SnakyGame.h; sourceTree = "<group>"; };
		D4A21AB01AFA24C000456BD1 /* Assets */ = {isa = PBXFileReference; lastKnownFileType = folder; name = Assets; path = ../../Assets; sourceTree = "<group>"; };
		D4A21AB41AFA24D700456BD1 /* fmod.h */ = {isa = PBXFileReference; fileEncoding = 4; lastKnownFileType = sourcecode.c.h; path = fmod.h; sourceTree = "<group>"; };
		D4A21AB51AFA24D700456BD1 /* fmod.hpp */ = {isa = PBXFileReference; fileEncoding = 4; lastKnownFileType = sourcecode.cpp.h; path = fmod.hpp; sourceTree = "<group>"; };
		D4A21AB61AFA24D700456BD1 /* fmod_codec.h */ = {isa = PBXFileReference; fileEncoding = 4; lastKnownFileType = sourcecode.c.h; path = fmod_codec.h; sourceTree = "<group>"; };
		D4A21AB71AFA24D700456BD1 /* fmod_common.h */ = {isa = PBXFileReference; fileEncoding = 4; lastKnownFileType = sourcecode.c.h; path = fmod_common.h; sourceTree = "<group>"; };
		D4A21AB81AFA24D700456BD1 /* fmod_dsp.h */ = {isa = PBXFileReference; fileEncoding = 4; lastKnownFileType = sourcecode.c.h; path = fmod_dsp.h; sourceTree = "<group>"; };
		D4A21AB91AFA24D700456BD1 /* fmod_dsp_effects.h */ = {isa = PBXFileReference; fileEncoding = 4; lastKnownFileType = sourcecode.c.h; path = fmod_dsp_effects.h; sourceTree = "<group>"; };
		D4A21ABA1AFA24D700456BD1 /* fmod_errors.h */ = {isa = PBXFileReference; fileEncoding = 4; lastKnownFileType = sourcecode.c.h; path = fmod_errors.h; sourceTree = "<group>"; };
		D4A21ABB1AFA24D700456BD1 /* fmod_output.h */ = {isa = PBXFileReference; fileEncoding = 4; lastKnownFileType = sourcecode.c.h; path = fmod_output.h; sourceTree = "<group>"; };
		D4A21ABC1AFA24D700456BD1 /* Game.cpp */ = {isa = PBXFileReference; fileEncoding = 4; lastKnownFileType = sourcecode.cpp.cpp; path = Game.cpp; sourceTree = "<group>"; };
		D4A21ABD1AFA24D700456BD1 /* Game.h */ = {isa = PBXFileReference; fileEncoding = 4; lastKnownFileType = sourcecode.c.h; path = Game.h; sourceTree = "<group>"; };
		D4A21ABE1AFA24D700456BD1 /* Graphics.cpp */ = {isa = PBXFileReference; fileEncoding = 4; lastKnownFileType = sourcecode.cpp.cpp; path = Graphics.cpp; sourceTree = "<group>"; };
		D4A21ABF1AFA24D700456BD1 /* Graphics.h */ = {isa = PBXFileReference; fileEncoding = 4; lastKnownFileType = sourcecode.c.h; path = Graphics.h; sourceTree = "<group>"; };
		D4A21AC01AFA24D700456BD1 /* Image.cpp */ = {isa = PBXFileReference; fileEncoding = 4; lastKnownFileType = sourcecode.cpp.cpp; path = Image.cpp; sourceTree = "<group>"; };
		D4A21AC11AFA24D700456BD1 /* Image.h */ = {isa = PBXFileReference; fileEncoding = 4; lastKnownFileType = sourcecode.c.h; path = Image.h; sourceTree = "<group>"; };
		D4A21AC21AFA24D700456BD1 /* Input.cpp */ = {isa = PBXFileReference; fileEncoding = 4; lastKnownFileType = sourcecode.cpp.cpp; path = Input.cpp; sourceTree = "<group>"; };
		D4A21AC31AFA24D700456BD1 /* Input.h */ = {isa = PBXFileReference; fileEncoding = 4; lastKnownFileType = sourcecode.c.h; path = Input.h; sourceTree = "<group>"; };
		D4A21AC41AFA24D700456BD1 /* Launcher.h */ = {isa = PBXFileReference; fileEncoding = 4; lastKnownFileType = sourcecode.c.h; path = Launcher.h; sourceTree = "<group>"; };
		D4A21AC51AFA24D700456BD1 /* Music.h */ = {isa = PBXFileReference; fileEncoding = 4; lastKnownFileType = sourcecode.c.h; path = Music.h; sourceTree = "<group>"; };
		D4A21AD21AFA24D800456BD1 /* AppDelegate.h */ = {isa = PBXFileReference; fileEncoding = 4; lastKnownFileType = sourcecode.c.h; path = AppDelegate.h; sourceTree = "<group>"; };
		D4A21AD31AFA24D800456BD1 /* AppDelegate.m */ = {isa = PBXFileReference; fileEncoding = 4; lastKnownFileType = sourcecode.c.objc; path = AppDelegate.m; sourceTree = "<group>"; };
		D4A21AD41AFA24D800456BD1 /* AudioOS.cpp */ = {isa = PBXFileReference; fileEncoding = 4; lastKnownFileType = sourcecode.cpp.cpp; path = AudioOS.cpp; sourceTree = "<group>"; };
		D4A21AD51AFA24D800456BD1 /* AudioOS.h */ = {isa = PBXFileReference; fileEncoding = 4; lastKnownFileType = sourcecode.c.h; path = AudioOS.h; sourceTree = "<group>"; };
		D4A21AD61AFA24D800456BD1 /* common.cpp */ = {isa = PBXFileReference; fileEncoding = 4; lastKnownFileType = sourcecode.cpp.cpp; path = common.cpp; sourceTree = "<group>"; };
		D4A21AD71AFA24D800456BD1 /* common.h */ = {isa = PBXFileReference; fileEncoding = 4; lastKnownFileType = sourcecode.c.h; path = common.h; sourceTree = "<group>"; };
		D4A21AD81AFA24D800456BD1 /* common_platform.h */ = {isa = PBXFileReference; fileEncoding = 4; lastKnownFileType = sourcecode.c.h; path = common_platform.h; sourceTree = "<group>"; };
		D4A21AD91AFA24D800456BD1 /* common_platform.mm */ = {isa = PBXFileReference; fileEncoding = 4; lastKnownFileType = sourcecode.cpp.objcpp; path = common_platform.mm; sourceTree = "<group>"; };
		D4A21ADA1AFA24D800456BD1 /* GLRenderView.h */ = {isa = PBXFileReference; fileEncoding = 4; lastKnownFileType = sourcecode.c.h; path = GLRenderView.h; sourceTree = "<group>"; };
		D4A21ADB1AFA24D800456BD1 /* GLRenderView.mm */ = {isa = PBXFileReference; fileEncoding = 4; lastKnownFileType = sourcecode.cpp.objcpp; path = GLRenderView.mm; sourceTree = "<group>"; };
		D4A21ADC1AFA24D800456BD1 /* LauncherOS.h */ = {isa = PBXFileReference; fileEncoding = 4; lastKnownFileType = sourcecode.c.h; path = LauncherOS.h; sourceTree = "<group>"; };
		D4A21ADD1AFA24D800456BD1 /* LauncherOS.mm */ = {isa = PBXFileReference; fileEncoding = 4; lastKnownFileType = sourcecode.cpp.objcpp; path = LauncherOS.mm; sourceTree = "<group>"; };
		D4A21ADE1AFA24D800456BD1 /* Main.storyboard */ = {isa = PBXFileReference; fileEncoding = 4; lastKnownFileType = file.storyboard; path = Main.storyboard; sourceTree = "<group>"; };
		D4A21AEB1AFA24D800456BD1 /* Saver.cpp */ = {isa = PBXFileReference; fileEncoding = 4; lastKnownFileType = sourcecode.cpp.cpp; path = Saver.cpp; sourceTree = "<group>"; };
		D4A21AEC1AFA24D800456BD1 /* Saver.h */ = {isa = PBXFileReference; fileEncoding = 4; lastKnownFileType = sourcecode.c.h; path = Saver.h; sourceTree = "<group>"; };
		D4A21AED1AFA24D800456BD1 /* Screen.cpp */ = {isa = PBXFileReference; fileEncoding = 4; lastKnownFileType = sourcecode.cpp.cpp; path = Screen.cpp; sourceTree = "<group>"; };
		D4A21AEE1AFA24D800456BD1 /* Screen.h */ = {isa = PBXFileReference; fileEncoding = 4; lastKnownFileType = sourcecode.c.h; path = Screen.h; sourceTree = "<group>"; };
		D4A21AF01AFA24D800456BD1 /* image_helper.c */ = {isa = PBXFileReference; fileEncoding = 4; lastKnownFileType = sourcecode.c.c; path = image_helper.c; sourceTree = "<group>"; };
		D4A21AF11AFA24D800456BD1 /* image_helper.h */ = {isa = PBXFileReference; fileEncoding = 4; lastKnownFileType = sourcecode.c.h; path = image_helper.h; sourceTree = "<group>"; };
		D4A21AF21AFA24D800456BD1 /* SOIL.c */ = {isa = PBXFileReference; fileEncoding = 4; lastKnownFileType = sourcecode.c.c; path = SOIL.c; sourceTree = "<group>"; };
		D4A21AF31AFA24D800456BD1 /* SOIL.h */ = {isa = PBXFileReference; fileEncoding = 4; lastKnownFileType = sourcecode.c.h; path = SOIL.h; sourceTree = "<group>"; };
		D4A21AF41AFA24D800456BD1 /* stb_image_aug.c */ = {isa = PBXFileReference; fileEncoding = 4; lastKnownFileType = sourcecode.c.c; path = stb_image_aug.c; sourceTree = "<group>"; };
		D4A21AF51AFA24D800456BD1 /* stb_image_aug.h */ = {isa = PBXFileReference; fileEncoding = 4; lastKnownFileType = sourcecode.c.h; path = stb_image_aug.h; sourceTree = "<group>"; };
		D4A21AF61AFA24D800456BD1 /* Sound.h */ = {isa = PBXFileReference; fileEncoding = 4; lastKnownFileType = sourcecode.c.h; path = Sound.h; sourceTree = "<group>"; };
		D4A21AF81AFA24D800456BD1 /* Animation.cpp */ = {isa = PBXFileReference; fileEncoding = 4; lastKnownFileType = sourcecode.cpp.cpp; path = Animation.cpp; sourceTree = "<group>"; };
		D4A21AF91AFA24D800456BD1 /* Animation.h */ = {isa = PBXFileReference; fileEncoding = 4; lastKnownFileType = sourcecode.c.h; path = Animation.h; sourceTree = "<group>"; };
		D4A21AFA1AFA24D800456BD1 /* Button.cpp */ = {isa = PBXFileReference; fileEncoding = 4; lastKnownFileType = sourcecode.cpp.cpp; path = Button.cpp; sourceTree = "<group>"; };
		D4A21AFB1AFA24D800456BD1 /* Button.h */ = {isa = PBXFileReference; fileEncoding = 4; lastKnownFileType = sourcecode.c.h; path = Button.h; sourceTree = "<group>"; };
		D4A21AFC1AFA24D800456BD1 /* Debuger.cpp */ = {isa = PBXFileReference; fileEncoding = 4; lastKnownFileType = sourcecode.cpp.cpp; path = Debuger.cpp; sourceTree = "<group>"; };
		D4A21AFD1AFA24D800456BD1 /* Debuger.h */ = {isa = PBXFileReference; fileEncoding = 4; lastKnownFileType = sourcecode.c.h; path = Debuger.h; sourceTree = "<group>"; };
		D4A21AFE1AFA24D800456BD1 /* PointX.cpp */ = {isa = PBXFileReference; fileEncoding = 4; lastKnownFileType = sourcecode.cpp.cpp; path = PointX.cpp; sourceTree = "<group>"; };
		D4A21AFF1AFA24D800456BD1 /* PointX.h */ = {isa = PBXFileReference; fileEncoding = 4; lastKnownFileType = sourcecode.c.h; path = PointX.h; sourceTree = "<group>"; };
		D4A21B001AFA24D800456BD1 /* RectX.cpp */ = {isa = PBXFileReference; fileEncoding = 4; lastKnownFileType = sourcecode.cpp.cpp; path = RectX.cpp; sourceTree = "<group>"; };
		D4A21B011AFA24D800456BD1 /* RectX.h */ = {isa = PBXFileReference; fileEncoding = 4; lastKnownFileType = sourcecode.c.h; path = RectX.h; sourceTree = "<group>"; };
		D4A21B021AFA24D800456BD1 /* Texter.cpp */ = {isa = PBXFileReference; fileEncoding = 4; lastKnownFileType = sourcecode.cpp.cpp; path = Texter.cpp; sourceTree = "<group>"; };
		D4A21B031AFA24D800456BD1 /* Texter.h */ = {isa = PBXFileReference; fileEncoding = 4; lastKnownFileType = sourcecode.c.h; path = Texter.h; sourceTree = "<group>"; };
		D4A21B041AFA24D800456BD1 /* ToggleButton.cpp */ = {isa = PBXFileReference; fileEncoding = 4; lastKnownFileType = sourcecode.cpp.cpp; path = ToggleButton.cpp; sourceTree = "<group>"; };
		D4A21B051AFA24D800456BD1 /* ToggleButton.h */ = {isa = PBXFileReference; fileEncoding = 4; lastKnownFileType = sourcecode.c.h; path = ToggleButton.h; sourceTree = "<group>"; };
		D4A21B271AFA251500456BD1 /* AudioToolbox.framework */ = {isa = PBXFileReference; lastKnownFileType = wrapper.framework; name = AudioToolbox.framework; path = System/Library/Frameworks/AudioToolbox.framework; sourceTree = SDKROOT; };
		D4A21B291AFA251B00456BD1 /* OpenGLES.framework */ = {isa = PBXFileReference; lastKnownFileType = wrapper.framework; name = OpenGLES.framework; path = System/Library/Frameworks/OpenGLES.framework; sourceTree = SDKROOT; };
		D4A21B2B1AFA252200456BD1 /* GLKit.framework */ = {isa = PBXFileReference; lastKnownFileType = wrapper.framework; name = GLKit.framework; path = System/Library/Frameworks/GLKit.framework; sourceTree = SDKROOT; };
/* End PBXFileReference section */

/* Begin PBXFrameworksBuildPhase section */
		D4A21A7E1AFA163B00456BD1 /* Frameworks */ = {
			isa = PBXFrameworksBuildPhase;
			buildActionMask = 2147483647;
			files = (
				D4A21B2C1AFA252200456BD1 /* GLKit.framework in Frameworks */,
				D4A21B2A1AFA251B00456BD1 /* OpenGLES.framework in Frameworks */,
				D4A21B281AFA251500456BD1 /* AudioToolbox.framework in Frameworks */,
			);
			runOnlyForDeploymentPostprocessing = 0;
		};
/* End PBXFrameworksBuildPhase section */

/* Begin PBXGroup section */
		D4A21A781AFA163B00456BD1 = {
			isa = PBXGroup;
			children = (
				D4A21B2B1AFA252200456BD1 /* GLKit.framework */,
				D4A21B291AFA251B00456BD1 /* OpenGLES.framework */,
				D4A21B271AFA251500456BD1 /* AudioToolbox.framework */,
				D4A21A831AFA163B00456BD1 /* Snaky+ */,
				D4A21A821AFA163B00456BD1 /* Products */,
				D4A21A851AFA163B00456BD1 /* Info.plist */,
				D4A21A861AFA163B00456BD1 /* main.m */,
				D4A21A911AFA163B00456BD1 /* Images.xcassets */,
				D4A21AB21AFA24D700456BD1 /* Cross++ */,
				D4A21AB01AFA24C000456BD1 /* Assets */,
			);
			sourceTree = "<group>";
		};
		D4A21A821AFA163B00456BD1 /* Products */ = {
			isa = PBXGroup;
			children = (
				D4A21A811AFA163B00456BD1 /* Snaky+.app */,
			);
			name = Products;
			sourceTree = "<group>";
		};
		D4A21A831AFA163B00456BD1 /* Snaky+ */ = {
			isa = PBXGroup;
			children = (
				D4A21AAA1AFA24B700456BD1 /* MenuScreen.cpp */,
				D4A21AAB1AFA24B700456BD1 /* MenuScreen.h */,
				D4A21AAC1AFA24B700456BD1 /* SnakyGame.cpp */,
				D4A21AAD1AFA24B700456BD1 /* SnakyGame.h */,
			);
			path = "Snaky+";
			sourceTree = "<group>";
		};
		D4A21AB21AFA24D700456BD1 /* Cross++ */ = {
			isa = PBXGroup;
			children = (
				D4A21AB31AFA24D700456BD1 /* FMOD */,
				D4A21AC61AFA24D700456BD1 /* Platform */,
				D4A21AEF1AFA24D800456BD1 /* SOIL */,
				D4A21AF71AFA24D800456BD1 /* Utils */,
				D4A21ABC1AFA24D700456BD1 /* Game.cpp */,
				D4A21ABD1AFA24D700456BD1 /* Game.h */,
				D4A21ABE1AFA24D700456BD1 /* Graphics.cpp */,
				D4A21ABF1AFA24D700456BD1 /* Graphics.h */,
				D4A21AC01AFA24D700456BD1 /* Image.cpp */,
				D4A21AC11AFA24D700456BD1 /* Image.h */,
				D4A21AC21AFA24D700456BD1 /* Input.cpp */,
				D4A21AC31AFA24D700456BD1 /* Input.h */,
				D4A21AC41AFA24D700456BD1 /* Launcher.h */,
				D4A21AC51AFA24D700456BD1 /* Music.h */,
				D4A21AEB1AFA24D800456BD1 /* Saver.cpp */,
				D4A21AEC1AFA24D800456BD1 /* Saver.h */,
				D4A21AED1AFA24D800456BD1 /* Screen.cpp */,
				D4A21AEE1AFA24D800456BD1 /* Screen.h */,
				D4A21AF61AFA24D800456BD1 /* Sound.h */,
			);
			name = "Cross++";
			path = ../../../../Sources;
			sourceTree = "<group>";
		};
		D4A21AB31AFA24D700456BD1 /* FMOD */ = {
			isa = PBXGroup;
			children = (
				D4A21AB41AFA24D700456BD1 /* fmod.h */,
				D4A21AB51AFA24D700456BD1 /* fmod.hpp */,
				D4A21AB61AFA24D700456BD1 /* fmod_codec.h */,
				D4A21AB71AFA24D700456BD1 /* fmod_common.h */,
				D4A21AB81AFA24D700456BD1 /* fmod_dsp.h */,
				D4A21AB91AFA24D700456BD1 /* fmod_dsp_effects.h */,
				D4A21ABA1AFA24D700456BD1 /* fmod_errors.h */,
				D4A21ABB1AFA24D700456BD1 /* fmod_output.h */,
			);
			path = FMOD;
			sourceTree = "<group>";
		};
		D4A21AC61AFA24D700456BD1 /* Platform */ = {
			isa = PBXGroup;
			children = (
				D4A21AD11AFA24D800456BD1 /* iOS */,
			);
			path = Platform;
			sourceTree = "<group>";
		};
		D4A21AD11AFA24D800456BD1 /* iOS */ = {
			isa = PBXGroup;
			children = (
				D4A21AD21AFA24D800456BD1 /* AppDelegate.h */,
				D4A21AD31AFA24D800456BD1 /* AppDelegate.m */,
				D4A21AD41AFA24D800456BD1 /* AudioOS.cpp */,
				D4A21AD51AFA24D800456BD1 /* AudioOS.h */,
				D4A21AD61AFA24D800456BD1 /* common.cpp */,
				D4A21AD71AFA24D800456BD1 /* common.h */,
				D4A21AD81AFA24D800456BD1 /* common_platform.h */,
				D4A21AD91AFA24D800456BD1 /* common_platform.mm */,
				D4A21ADA1AFA24D800456BD1 /* GLRenderView.h */,
				D4A21ADB1AFA24D800456BD1 /* GLRenderView.mm */,
				D4A21ADC1AFA24D800456BD1 /* LauncherOS.h */,
				D4A21ADD1AFA24D800456BD1 /* LauncherOS.mm */,
				D4A21ADE1AFA24D800456BD1 /* Main.storyboard */,
			);
			path = iOS;
			sourceTree = "<group>";
		};
		D4A21AEF1AFA24D800456BD1 /* SOIL */ = {
			isa = PBXGroup;
			children = (
				D4A21AF01AFA24D800456BD1 /* image_helper.c */,
				D4A21AF11AFA24D800456BD1 /* image_helper.h */,
				D4A21AF21AFA24D800456BD1 /* SOIL.c */,
				D4A21AF31AFA24D800456BD1 /* SOIL.h */,
				D4A21AF41AFA24D800456BD1 /* stb_image_aug.c */,
				D4A21AF51AFA24D800456BD1 /* stb_image_aug.h */,
			);
			path = SOIL;
			sourceTree = "<group>";
		};
		D4A21AF71AFA24D800456BD1 /* Utils */ = {
			isa = PBXGroup;
			children = (
				D4A21AF81AFA24D800456BD1 /* Animation.cpp */,
				D4A21AF91AFA24D800456BD1 /* Animation.h */,
				D4A21AFA1AFA24D800456BD1 /* Button.cpp */,
				D4A21AFB1AFA24D800456BD1 /* Button.h */,
				D4A21AFC1AFA24D800456BD1 /* Debuger.cpp */,
				D4A21AFD1AFA24D800456BD1 /* Debuger.h */,
				D4A21AFE1AFA24D800456BD1 /* PointX.cpp */,
				D4A21AFF1AFA24D800456BD1 /* PointX.h */,
				D4A21B001AFA24D800456BD1 /* RectX.cpp */,
				D4A21B011AFA24D800456BD1 /* RectX.h */,
				D4A21B021AFA24D800456BD1 /* Texter.cpp */,
				D4A21B031AFA24D800456BD1 /* Texter.h */,
				D4A21B041AFA24D800456BD1 /* ToggleButton.cpp */,
				D4A21B051AFA24D800456BD1 /* ToggleButton.h */,
			);
			path = Utils;
			sourceTree = "<group>";
		};
/* End PBXGroup section */

/* Begin PBXNativeTarget section */
		D4A21A801AFA163B00456BD1 /* Snaky+ */ = {
			isa = PBXNativeTarget;
			buildConfigurationList = D4A21AA41AFA163B00456BD1 /* Build configuration list for PBXNativeTarget "Snaky+" */;
			buildPhases = (
				D4A21A7D1AFA163B00456BD1 /* Sources */,
				D4A21A7E1AFA163B00456BD1 /* Frameworks */,
				D4A21A7F1AFA163B00456BD1 /* Resources */,
			);
			buildRules = (
			);
			dependencies = (
			);
			name = "Snaky+";
			productName = "Snaky+";
			productReference = D4A21A811AFA163B00456BD1 /* Snaky+.app */;
			productType = "com.apple.product-type.application";
		};
/* End PBXNativeTarget section */

/* Begin PBXProject section */
		D4A21A791AFA163B00456BD1 /* Project object */ = {
			isa = PBXProject;
			attributes = {
				LastUpgradeCheck = 0620;
				ORGANIZATIONNAME = "Lukyanau Maksim";
				TargetAttributes = {
					D4A21A801AFA163B00456BD1 = {
						CreatedOnToolsVersion = 6.2;
					};
				};
			};
			buildConfigurationList = D4A21A7C1AFA163B00456BD1 /* Build configuration list for PBXProject "Snaky+" */;
			compatibilityVersion = "Xcode 3.2";
			developmentRegion = English;
			hasScannedForEncodings = 0;
			knownRegions = (
				en,
				Base,
			);
			mainGroup = D4A21A781AFA163B00456BD1;
			productRefGroup = D4A21A821AFA163B00456BD1 /* Products */;
			projectDirPath = "";
			projectRoot = "";
			targets = (
				D4A21A801AFA163B00456BD1 /* Snaky+ */,
			);
		};
/* End PBXProject section */

/* Begin PBXResourcesBuildPhase section */
		D4A21A7F1AFA163B00456BD1 /* Resources */ = {
			isa = PBXResourcesBuildPhase;
			buildActionMask = 2147483647;
			files = (
				D4A21B151AFA24D800456BD1 /* Main.storyboard in Resources */,
				D4A21A921AFA163B00456BD1 /* Images.xcassets in Resources */,
				D4A21AB11AFA24C000456BD1 /* Assets in Resources */,
			);
			runOnlyForDeploymentPostprocessing = 0;
		};
/* End PBXResourcesBuildPhase section */

/* Begin PBXSourcesBuildPhase section */
		D4A21A7D1AFA163B00456BD1 /* Sources */ = {
			isa = PBXSourcesBuildPhase;
			buildActionMask = 2147483647;
			files = (
				D4A21AAE1AFA24B700456BD1 /* MenuScreen.cpp in Sources */,
				D4A21AAF1AFA24B700456BD1 /* SnakyGame.cpp in Sources */,
				D4A21B1E1AFA24D800456BD1 /* SOIL.c in Sources */,
				D4A21A871AFA163B00456BD1 /* main.m in Sources */,
				D4A21B1B1AFA24D800456BD1 /* Saver.cpp in Sources */,
				D4A21B211AFA24D800456BD1 /* Button.cpp in Sources */,
				D4A21B091AFA24D800456BD1 /* Input.cpp in Sources */,
				D4A21B1C1AFA24D800456BD1 /* Screen.cpp in Sources */,
				D4A21B111AFA24D800456BD1 /* common.cpp in Sources */,
				D4A21B221AFA24D800456BD1 /* Debuger.cpp in Sources */,
				D4A21B121AFA24D800456BD1 /* common_platform.mm in Sources */,
				D4A21B261AFA24D800456BD1 /* ToggleButton.cpp in Sources */,
				D4A21B0F1AFA24D800456BD1 /* AppDelegate.m in Sources */,
				D4A21B081AFA24D800456BD1 /* Image.cpp in Sources */,
				D4A21B071AFA24D800456BD1 /* Graphics.cpp in Sources */,
				D4A21B061AFA24D800456BD1 /* Game.cpp in Sources */,
				D4A21B1D1AFA24D800456BD1 /* image_helper.c in Sources */,
				D4A21B101AFA24D800456BD1 /* AudioOS.cpp in Sources */,
				D4A21B251AFA24D800456BD1 /* Texter.cpp in Sources */,
				D4A21B1F1AFA24D800456BD1 /* stb_image_aug.c in Sources */,
				D4A21B141AFA24D800456BD1 /* LauncherOS.mm in Sources */,
				D4A21B201AFA24D800456BD1 /* Animation.cpp in Sources */,
				D4A21B231AFA24D800456BD1 /* PointX.cpp in Sources */,
				D4A21B131AFA24D800456BD1 /* GLRenderView.mm in Sources */,
				D4A21B241AFA24D800456BD1 /* RectX.cpp in Sources */,
			);
			runOnlyForDeploymentPostprocessing = 0;
		};
/* End PBXSourcesBuildPhase section */

/* Begin XCBuildConfiguration section */
		D4A21AA21AFA163B00456BD1 /* Debug */ = {
			isa = XCBuildConfiguration;
			buildSettings = {
				ALWAYS_SEARCH_USER_PATHS = NO;
				CLANG_CXX_LANGUAGE_STANDARD = "gnu++0x";
				CLANG_CXX_LIBRARY = "libc++";
				CLANG_ENABLE_MODULES = YES;
				CLANG_ENABLE_OBJC_ARC = YES;
				CLANG_WARN_BOOL_CONVERSION = YES;
				CLANG_WARN_CONSTANT_CONVERSION = YES;
				CLANG_WARN_DIRECT_OBJC_ISA_USAGE = YES_ERROR;
				CLANG_WARN_EMPTY_BODY = YES;
				CLANG_WARN_ENUM_CONVERSION = YES;
				CLANG_WARN_INT_CONVERSION = YES;
				CLANG_WARN_OBJC_ROOT_CLASS = YES_ERROR;
				CLANG_WARN_UNREACHABLE_CODE = YES;
				CLANG_WARN__DUPLICATE_METHOD_MATCH = YES;
				"CODE_SIGN_IDENTITY[sdk=iphoneos*]" = "iPhone Developer";
				COPY_PHASE_STRIP = NO;
				ENABLE_STRICT_OBJC_MSGSEND = YES;
				GCC_C_LANGUAGE_STANDARD = gnu99;
				GCC_DYNAMIC_NO_PIC = NO;
				GCC_OPTIMIZATION_LEVEL = 0;
				GCC_PREPROCESSOR_DEFINITIONS = (
					"DEBUG=1",
					"$(inherited)",
				);
				GCC_SYMBOLS_PRIVATE_EXTERN = NO;
				GCC_WARN_64_TO_32_BIT_CONVERSION = YES;
				GCC_WARN_ABOUT_RETURN_TYPE = YES_ERROR;
				GCC_WARN_UNDECLARED_SELECTOR = YES;
				GCC_WARN_UNINITIALIZED_AUTOS = YES_AGGRESSIVE;
				GCC_WARN_UNUSED_FUNCTION = YES;
				GCC_WARN_UNUSED_VARIABLE = YES;
				IPHONEOS_DEPLOYMENT_TARGET = 8.2;
				MTL_ENABLE_DEBUG_INFO = YES;
				ONLY_ACTIVE_ARCH = YES;
				SDKROOT = iphoneos;
				TARGETED_DEVICE_FAMILY = "1,2";
			};
			name = Debug;
		};
		D4A21AA31AFA163B00456BD1 /* Release */ = {
			isa = XCBuildConfiguration;
			buildSettings = {
				ALWAYS_SEARCH_USER_PATHS = NO;
				CLANG_CXX_LANGUAGE_STANDARD = "gnu++0x";
				CLANG_CXX_LIBRARY = "libc++";
				CLANG_ENABLE_MODULES = YES;
				CLANG_ENABLE_OBJC_ARC = YES;
				CLANG_WARN_BOOL_CONVERSION = YES;
				CLANG_WARN_CONSTANT_CONVERSION = YES;
				CLANG_WARN_DIRECT_OBJC_ISA_USAGE = YES_ERROR;
				CLANG_WARN_EMPTY_BODY = YES;
				CLANG_WARN_ENUM_CONVERSION = YES;
				CLANG_WARN_INT_CONVERSION = YES;
				CLANG_WARN_OBJC_ROOT_CLASS = YES_ERROR;
				CLANG_WARN_UNREACHABLE_CODE = YES;
				CLANG_WARN__DUPLICATE_METHOD_MATCH = YES;
				"CODE_SIGN_IDENTITY[sdk=iphoneos*]" = "iPhone Developer";
				COPY_PHASE_STRIP = NO;
				ENABLE_NS_ASSERTIONS = NO;
				ENABLE_STRICT_OBJC_MSGSEND = YES;
				GCC_C_LANGUAGE_STANDARD = gnu99;
				GCC_WARN_64_TO_32_BIT_CONVERSION = YES;
				GCC_WARN_ABOUT_RETURN_TYPE = YES_ERROR;
				GCC_WARN_UNDECLARED_SELECTOR = YES;
				GCC_WARN_UNINITIALIZED_AUTOS = YES_AGGRESSIVE;
				GCC_WARN_UNUSED_FUNCTION = YES;
				GCC_WARN_UNUSED_VARIABLE = YES;
				IPHONEOS_DEPLOYMENT_TARGET = 8.2;
				MTL_ENABLE_DEBUG_INFO = NO;
				SDKROOT = iphoneos;
				TARGETED_DEVICE_FAMILY = "1,2";
				VALIDATE_PRODUCT = YES;
			};
			name = Release;
		};
		D4A21AA51AFA163B00456BD1 /* Debug */ = {
			isa = XCBuildConfiguration;
			buildSettings = {
				ASSETCATALOG_COMPILER_APPICON_NAME = AppIcon;
				COMPRESS_PNG_FILES = NO;
				INFOPLIST_FILE = "Snaky+/Info.plist";
				IPHONEOS_DEPLOYMENT_TARGET = 7.1;
				LD_RUNPATH_SEARCH_PATHS = "$(inherited) @executable_path/Frameworks";
				LIBRARY_SEARCH_PATHS = $PROJECT_DIR;
				OTHER_LDFLAGS = "-lfmodL_$PLATFORM_NAME";
				PRODUCT_NAME = "$(TARGET_NAME)";
			};
			name = Debug;
		};
		D4A21AA61AFA163B00456BD1 /* Release */ = {
			isa = XCBuildConfiguration;
			buildSettings = {
				ASSETCATALOG_COMPILER_APPICON_NAME = AppIcon;
				COMPRESS_PNG_FILES = NO;
				INFOPLIST_FILE = "Snaky+/Info.plist";
				IPHONEOS_DEPLOYMENT_TARGET = 7.1;
				LD_RUNPATH_SEARCH_PATHS = "$(inherited) @executable_path/Frameworks";
				LIBRARY_SEARCH_PATHS = $PROJECT_DIR;
				OTHER_LDFLAGS = "-lfmodL_$PLATFORM_NAME";
				PRODUCT_NAME = "$(TARGET_NAME)";
			};
			name = Release;
		};
/* End XCBuildConfiguration section */

/* Begin XCConfigurationList section */
		D4A21A7C1AFA163B00456BD1 /* Build configuration list for PBXProject "Snaky+" */ = {
			isa = XCConfigurationList;
			buildConfigurations = (
				D4A21AA21AFA163B00456BD1 /* Debug */,
				D4A21AA31AFA163B00456BD1 /* Release */,
			);
			defaultConfigurationIsVisible = 0;
			defaultConfigurationName = Release;
		};
		D4A21AA41AFA163B00456BD1 /* Build configuration list for PBXNativeTarget "Snaky+" */ = {
			isa = XCConfigurationList;
			buildConfigurations = (
				D4A21AA51AFA163B00456BD1 /* Debug */,
				D4A21AA61AFA163B00456BD1 /* Release */,
			);
			defaultConfigurationIsVisible = 0;
			defaultConfigurationName = Release;
		};
/* End XCConfigurationList section */
	};
	rootObject = D4A21A791AFA163B00456BD1 /* Project object */;
}
