<?xml version="1.0" encoding="utf-8"?>
<Project ToolsVersion="4.0" xmlns="http://schemas.microsoft.com/developer/msbuild/2003">
  <ItemGroup>
    <Filter Include="Cross">
      <UniqueIdentifier>{6cfee1d6-7752-4871-bb8a-d3373bf0533c}</UniqueIdentifier>
    </Filter>
    <Filter Include="Cross\Utils">
      <UniqueIdentifier>{b606314a-4719-4661-a7c6-1ca6a484708c}</UniqueIdentifier>
    </Filter>
    <Filter Include="Demo">
      <UniqueIdentifier>{19ace69f-e0fa-4b3e-ac10-3da008bf0e6c}</UniqueIdentifier>
    </Filter>
    <Filter Include="Cross\Platform">
      <UniqueIdentifier>{0055a5ef-90b5-49ea-a57c-ca37ef5b5e24}</UniqueIdentifier>
    </Filter>
    <Filter Include="Cross\Platform\Windows">
      <UniqueIdentifier>{171b94f2-0c0c-4e31-ae57-bc67b70b4125}</UniqueIdentifier>
    </Filter>
    <Filter Include="Cross\Shaders">
      <UniqueIdentifier>{0339447c-d355-47b0-9d8b-a80353255f60}</UniqueIdentifier>
    </Filter>
    <Filter Include="Cross\Experimental">
      <UniqueIdentifier>{090a0712-4ab6-4414-bd48-905c77498348}</UniqueIdentifier>
    </Filter>
    <Filter Include="Cross\Libs">
      <UniqueIdentifier>{0a91abce-0279-48f7-9128-742707d932e7}</UniqueIdentifier>
    </Filter>
    <Filter Include="Cross\Libs\SOIL">
      <UniqueIdentifier>{a503569c-198a-4511-93b8-b179bc221b54}</UniqueIdentifier>
    </Filter>
    <Filter Include="Cross\Libs\TinyXML">
      <UniqueIdentifier>{143e55bb-db46-48b5-9f3e-51e7afb79a53}</UniqueIdentifier>
    </Filter>
    <Filter Include="Cross\Math">
      <UniqueIdentifier>{c29fcd9b-dc4f-4506-bc92-e686220f618c}</UniqueIdentifier>
    </Filter>
    <Filter Include="Cross\Internals">
      <UniqueIdentifier>{d6564650-e2ab-4b0f-9882-cac798a8120e}</UniqueIdentifier>
    </Filter>
    <Filter Include="Cross\Core">
      <UniqueIdentifier>{475abeb6-dd54-470f-af9f-ac6856413a61}</UniqueIdentifier>
    </Filter>
    <Filter Include="Demo\ThirdParty">
      <UniqueIdentifier>{8a64ba9f-c0ef-46a1-89e1-b3d54e843afb}</UniqueIdentifier>
    </Filter>
    <Filter Include="Demo\ThirdParty\ImGui">
      <UniqueIdentifier>{edbd5ed5-fece-4b60-bc2b-e87030e41451}</UniqueIdentifier>
    </Filter>
    <Filter Include="Demo\UI">
      <UniqueIdentifier>{7b5e3d86-4372-4fae-91e9-1569b1429ee9}</UniqueIdentifier>
    </Filter>
    <Filter Include="Demo\Scenes">
      <UniqueIdentifier>{e2bb383f-7353-4c96-b961-b48bbccd78f2}</UniqueIdentifier>
    </Filter>
    <Filter Include="Demo\Scenes\Simple">
      <UniqueIdentifier>{14bce2b9-46d5-4233-8bac-3494903e2f45}</UniqueIdentifier>
    </Filter>
    <Filter Include="Demo\Scenes\Light">
      <UniqueIdentifier>{88cb8396-bda3-4c0f-9852-078ed0f9239d}</UniqueIdentifier>
    </Filter>
    <Filter Include="Demo\Scenes\Misc">
      <UniqueIdentifier>{ac3cc46f-ab38-46b7-9e41-24a82b837ed0}</UniqueIdentifier>
    </Filter>
    <Filter Include="Demo\Scenes\Maps">
      <UniqueIdentifier>{ffe6128e-4736-4aec-a45c-2000131e3087}</UniqueIdentifier>
    </Filter>
  </ItemGroup>
  <ItemGroup>
    <ClCompile Include="..\..\Sources\Demo.cpp">
      <Filter>Demo</Filter>
    </ClCompile>
    <ClCompile Include="..\..\Sources\AudioScreen.cpp">
      <Filter>Demo</Filter>
    </ClCompile>
    <ClCompile Include="..\..\..\Sources\Core\Camera.cpp">
      <Filter>Cross\Core</Filter>
    </ClCompile>
    <ClCompile Include="..\..\..\Sources\Core\Color.cpp">
      <Filter>Cross\Core</Filter>
    </ClCompile>
    <ClCompile Include="..\..\..\Sources\Core\Component.cpp">
      <Filter>Cross\Core</Filter>
    </ClCompile>
    <ClCompile Include="..\..\..\Sources\Core\Config.cpp">
      <Filter>Cross\Core</Filter>
    </ClCompile>
    <ClCompile Include="..\..\..\Sources\Core\Entity.cpp">
      <Filter>Cross\Core</Filter>
    </ClCompile>
    <ClCompile Include="..\..\..\Sources\Core\File.cpp">
      <Filter>Cross\Core</Filter>
    </ClCompile>
    <ClCompile Include="..\..\..\Sources\Core\Game.cpp">
      <Filter>Cross\Core</Filter>
    </ClCompile>
    <ClCompile Include="..\..\..\Sources\Core\Input.cpp">
      <Filter>Cross\Core</Filter>
    </ClCompile>
    <ClCompile Include="..\..\..\Sources\Core\Light.cpp">
      <Filter>Cross\Core</Filter>
    </ClCompile>
    <ClCompile Include="..\..\..\Sources\Core\Material.cpp">
      <Filter>Cross\Core</Filter>
    </ClCompile>
    <ClCompile Include="..\..\..\Sources\Core\Mesh.cpp">
      <Filter>Cross\Core</Filter>
    </ClCompile>
    <ClCompile Include="..\..\..\Sources\Core\Scene.cpp">
      <Filter>Cross\Core</Filter>
    </ClCompile>
    <ClCompile Include="..\..\..\Sources\Core\Screen.cpp">
      <Filter>Cross\Core</Filter>
    </ClCompile>
    <ClCompile Include="..\..\..\Sources\Core\Sound.cpp">
      <Filter>Cross\Core</Filter>
    </ClCompile>
    <ClCompile Include="..\..\..\Sources\Core\System.cpp">
      <Filter>Cross\Core</Filter>
    </ClCompile>
    <ClCompile Include="..\..\..\Sources\Core\Texture.cpp">
      <Filter>Cross\Core</Filter>
    </ClCompile>
    <ClCompile Include="..\..\..\Sources\Core\VertexBuffer.cpp">
      <Filter>Cross\Core</Filter>
    </ClCompile>
    <ClCompile Include="..\..\..\Sources\Internals\MemoryManager.cpp">
      <Filter>Cross\Internals</Filter>
    </ClCompile>
    <ClCompile Include="..\..\..\Sources\Libs\SOIL\image_helper.c">
      <Filter>Cross\Libs\SOIL</Filter>
    </ClCompile>
    <ClCompile Include="..\..\..\Sources\Libs\SOIL\SOIL.c">
      <Filter>Cross\Libs\SOIL</Filter>
    </ClCompile>
    <ClCompile Include="..\..\..\Sources\Libs\SOIL\stb_image_aug.c">
      <Filter>Cross\Libs\SOIL</Filter>
    </ClCompile>
    <ClCompile Include="..\..\..\Sources\Math\All.cpp">
      <Filter>Cross\Math</Filter>
    </ClCompile>
    <ClCompile Include="..\..\..\Sources\Math\Matrix.cpp">
      <Filter>Cross\Math</Filter>
    </ClCompile>
    <ClCompile Include="..\..\..\Sources\Math\Quaternion.cpp">
      <Filter>Cross\Math</Filter>
    </ClCompile>
    <ClCompile Include="..\..\..\Sources\Math\Rect.cpp">
      <Filter>Cross\Math</Filter>
    </ClCompile>
    <ClCompile Include="..\..\..\Sources\Math\Vector2D.cpp">
      <Filter>Cross\Math</Filter>
    </ClCompile>
    <ClCompile Include="..\..\..\Sources\Math\Vector3D.cpp">
      <Filter>Cross\Math</Filter>
    </ClCompile>
    <ClCompile Include="..\..\..\Sources\Math\Vector4D.cpp">
      <Filter>Cross\Math</Filter>
    </ClCompile>
    <ClCompile Include="..\..\..\Sources\Platform\CrossEGL.cpp">
      <Filter>Cross\Platform</Filter>
    </ClCompile>
    <ClCompile Include="..\..\..\Sources\Platform\Windows\Cross.cpp">
      <Filter>Cross\Platform\Windows</Filter>
    </ClCompile>
    <ClCompile Include="..\..\..\Sources\Platform\Windows\GLES.cpp">
      <Filter>Cross\Platform\Windows</Filter>
    </ClCompile>
    <ClCompile Include="..\..\..\Sources\Platform\Windows\Native.cpp">
      <Filter>Cross\Platform\Windows</Filter>
    </ClCompile>
    <ClCompile Include="..\..\..\Sources\Platform\Windows\OpenGL.cpp">
      <Filter>Cross\Platform\Windows</Filter>
    </ClCompile>
    <ClCompile Include="..\..\..\Sources\Platform\Windows\WINSystem.cpp">
      <Filter>Cross\Platform\Windows</Filter>
    </ClCompile>
    <ClCompile Include="..\..\..\Sources\Shaders\Shader.cpp">
      <Filter>Cross\Shaders</Filter>
    </ClCompile>
    <ClCompile Include="..\..\..\Sources\Utils\Cubemap.cpp">
      <Filter>Cross\Utils</Filter>
    </ClCompile>
    <ClCompile Include="..\..\..\Sources\Utils\FreeCameraScene.cpp">
      <Filter>Cross\Utils</Filter>
    </ClCompile>
    <ClCompile Include="..\..\..\Sources\Utils\Skybox.cpp">
      <Filter>Cross\Utils</Filter>
    </ClCompile>
    <ClCompile Include="..\..\..\Sources\Libs\TinyXML2\tinyxml2.cpp">
      <Filter>Cross\Libs\TinyXML</Filter>
    </ClCompile>
    <ClCompile Include="..\..\..\Sources\Shaders\SingleLightShader.cpp">
      <Filter>Cross\Shaders</Filter>
    </ClCompile>
    <ClCompile Include="..\..\..\Sources\Shaders\LightsShader.cpp">
      <Filter>Cross\Shaders</Filter>
    </ClCompile>
    <ClCompile Include="..\..\..\Sources\Utils\Debugger.cpp">
      <Filter>Cross\Utils</Filter>
    </ClCompile>
    <ClCompile Include="..\..\..\Sources\Utils\PrimitiveDrawer.cpp">
      <Filter>Cross\Utils</Filter>
    </ClCompile>
    <ClCompile Include="..\..\..\Sources\Core\Model.cpp">
      <Filter>Cross\Core</Filter>
    </ClCompile>
    <ClCompile Include="..\..\..\Sources\Core\Transform.cpp">
      <Filter>Cross\Core</Filter>
    </ClCompile>
    <ClCompile Include="..\..\Sources\ThirdParty\ImGui\imgui.cpp">
      <Filter>Demo\ThirdParty\ImGui</Filter>
    </ClCompile>
    <ClCompile Include="..\..\Sources\ThirdParty\ImGui\imgui_demo.cpp">
      <Filter>Demo\ThirdParty\ImGui</Filter>
    </ClCompile>
    <ClCompile Include="..\..\Sources\ThirdParty\ImGui\imgui_draw.cpp">
      <Filter>Demo\ThirdParty\ImGui</Filter>
    </ClCompile>
    <ClCompile Include="..\..\Sources\ThirdParty\ImGui\imgui_freetype.cpp">
      <Filter>Demo\ThirdParty\ImGui</Filter>
    </ClCompile>
    <ClCompile Include="..\..\Sources\UI\MenuBar.cpp">
      <Filter>Demo\UI</Filter>
    </ClCompile>
    <ClCompile Include="..\..\Sources\UI\View.cpp">
      <Filter>Demo\UI</Filter>
    </ClCompile>
    <ClCompile Include="..\..\Sources\UI\CameraController.cpp">
      <Filter>Demo\UI</Filter>
    </ClCompile>
    <ClCompile Include="..\..\Sources\UI\About.cpp">
      <Filter>Demo\UI</Filter>
    </ClCompile>
    <ClCompile Include="..\..\Sources\UI\Stats.cpp">
      <Filter>Demo\UI</Filter>
    </ClCompile>
    <ClCompile Include="..\..\..\Sources\Internals\GraphicsGL.cpp">
      <Filter>Cross\Internals</Filter>
    </ClCompile>
    <ClCompile Include="..\..\..\Sources\Internals\Audio.cpp">
      <Filter>Cross\Internals</Filter>
    </ClCompile>
    <ClCompile Include="..\..\..\Sources\Core\ComponentFactory.cpp">
      <Filter>Cross\Core</Filter>
    </ClCompile>
    <ClCompile Include="..\..\Sources\UI\Log.cpp">
      <Filter>Demo\UI</Filter>
    </ClCompile>
    <ClCompile Include="..\..\..\Sources\Experimental\String.cpp">
      <Filter>Cross\Experimental</Filter>
    </ClCompile>
    <ClCompile Include="..\..\Sources\UI\FilesView.cpp">
      <Filter>Demo\UI</Filter>
    </ClCompile>
    <ClCompile Include="..\..\Sources\UI\SceneView.cpp">
      <Filter>Demo\UI</Filter>
    </ClCompile>
    <ClCompile Include="..\..\Sources\UI\ComponentsView.cpp">
      <Filter>Demo\UI</Filter>
    </ClCompile>
    <ClCompile Include="..\..\..\Sources\Core\Property.cpp">
      <Filter>Cross\Core</Filter>
    </ClCompile>
    <ClCompile Include="..\..\Sources\UI\TransformVisualBox.cpp">
      <Filter>Demo\UI</Filter>
    </ClCompile>
    <ClCompile Include="..\..\Sources\Scenes\DemoScene.cpp">
      <Filter>Demo\Scenes</Filter>
    </ClCompile>
    <ClCompile Include="..\..\Sources\Scenes\Simple\TexturedModelScene.cpp">
      <Filter>Demo\Scenes\Simple</Filter>
    </ClCompile>
    <ClCompile Include="..\..\Sources\Scenes\Simple\TriangleScene.cpp">
      <Filter>Demo\Scenes\Simple</Filter>
    </ClCompile>
    <ClCompile Include="..\..\Sources\Scenes\Misc\ApocalypseScene.cpp">
      <Filter>Demo\Scenes\Misc</Filter>
    </ClCompile>
    <ClCompile Include="..\..\Sources\Scenes\Misc\DepthScene.cpp">
      <Filter>Demo\Scenes\Misc</Filter>
    </ClCompile>
    <ClCompile Include="..\..\Sources\Scenes\Misc\SkyboxScene.cpp">
      <Filter>Demo\Scenes\Misc</Filter>
    </ClCompile>
    <ClCompile Include="..\..\Sources\Scenes\Misc\TransparencyScene.cpp">
      <Filter>Demo\Scenes\Misc</Filter>
    </ClCompile>
    <ClCompile Include="..\..\Sources\Scenes\Maps\DiffuseScene.cpp">
      <Filter>Demo\Scenes\Maps</Filter>
    </ClCompile>
    <ClCompile Include="..\..\Sources\Scenes\Maps\NakedScene.cpp">
      <Filter>Demo\Scenes\Maps</Filter>
    </ClCompile>
    <ClCompile Include="..\..\Sources\Scenes\Maps\NormalScene.cpp">
      <Filter>Demo\Scenes\Maps</Filter>
    </ClCompile>
    <ClCompile Include="..\..\Sources\Scenes\Maps\RoughnessScene.cpp">
      <Filter>Demo\Scenes\Maps</Filter>
    </ClCompile>
    <ClCompile Include="..\..\Sources\Scenes\Maps\SpecularScene.cpp">
      <Filter>Demo\Scenes\Maps</Filter>
    </ClCompile>
    <ClCompile Include="..\..\Sources\Scenes\Light\DirectionalLightScene.cpp">
      <Filter>Demo\Scenes\Light</Filter>
    </ClCompile>
    <ClCompile Include="..\..\Sources\Scenes\Light\MaterialScene.cpp">
      <Filter>Demo\Scenes\Light</Filter>
    </ClCompile>
    <ClCompile Include="..\..\Sources\Scenes\Light\MultiLightScene.cpp">
      <Filter>Demo\Scenes\Light</Filter>
    </ClCompile>
    <ClCompile Include="..\..\Sources\Scenes\Light\PointLightScene.cpp">
      <Filter>Demo\Scenes\Light</Filter>
    </ClCompile>
    <ClCompile Include="..\..\Sources\Scenes\Light\SpotLightScene.cpp">
      <Filter>Demo\Scenes\Light</Filter>
    </ClCompile>
    <ClCompile Include="..\..\Sources\ImGuiScreen.cpp">
      <Filter>Demo</Filter>
    </ClCompile>
    <ClCompile Include="..\..\Sources\UI\LaunchView.cpp">
      <Filter>Demo\UI</Filter>
    </ClCompile>
    <ClCompile Include="..\..\Sources\UI\PropertiesView.cpp">
      <Filter>Demo\UI</Filter>
    </ClCompile>
    <ClCompile Include="..\..\Sources\UI\ShaderVisualBox.cpp">
      <Filter>Demo\UI</Filter>
    </ClCompile>
  </ItemGroup>
  <ItemGroup>
    <ClInclude Include="..\..\Sources\Demo.h">
      <Filter>Demo</Filter>
    </ClInclude>
    <ClInclude Include="resource.h" />
    <ClInclude Include="..\..\Sources\AudioScreen.h">
      <Filter>Demo</Filter>
    </ClInclude>
    <ClInclude Include="..\..\..\Sources\Core\Camera.h">
      <Filter>Cross\Core</Filter>
    </ClInclude>
    <ClInclude Include="..\..\..\Sources\Core\Color.h">
      <Filter>Cross\Core</Filter>
    </ClInclude>
    <ClInclude Include="..\..\..\Sources\Core\Component.h">
      <Filter>Cross\Core</Filter>
    </ClInclude>
    <ClInclude Include="..\..\..\Sources\Core\Config.h">
      <Filter>Cross\Core</Filter>
    </ClInclude>
    <ClInclude Include="..\..\..\Sources\Core\Cross.h">
      <Filter>Cross\Core</Filter>
    </ClInclude>
    <ClInclude Include="..\..\..\Sources\Core\Entity.h">
      <Filter>Cross\Core</Filter>
    </ClInclude>
    <ClInclude Include="..\..\..\Sources\Core\Event.h">
      <Filter>Cross\Core</Filter>
    </ClInclude>
    <ClInclude Include="..\..\..\Sources\Core\File.h">
      <Filter>Cross\Core</Filter>
    </ClInclude>
    <ClInclude Include="..\..\..\Sources\Core\Game.h">
      <Filter>Cross\Core</Filter>
    </ClInclude>
    <ClInclude Include="..\..\..\Sources\Core\Input.h">
      <Filter>Cross\Core</Filter>
    </ClInclude>
    <ClInclude Include="..\..\..\Sources\Core\Light.h">
      <Filter>Cross\Core</Filter>
    </ClInclude>
    <ClInclude Include="..\..\..\Sources\Core\Material.h">
      <Filter>Cross\Core</Filter>
    </ClInclude>
    <ClInclude Include="..\..\..\Sources\Core\Mesh.h">
      <Filter>Cross\Core</Filter>
    </ClInclude>
    <ClInclude Include="..\..\..\Sources\Core\Scene.h">
      <Filter>Cross\Core</Filter>
    </ClInclude>
    <ClInclude Include="..\..\..\Sources\Core\Screen.h">
      <Filter>Cross\Core</Filter>
    </ClInclude>
    <ClInclude Include="..\..\..\Sources\Core\Sound.h">
      <Filter>Cross\Core</Filter>
    </ClInclude>
    <ClInclude Include="..\..\..\Sources\Core\System.h">
      <Filter>Cross\Core</Filter>
    </ClInclude>
    <ClInclude Include="..\..\..\Sources\Core\Texture.h">
      <Filter>Cross\Core</Filter>
    </ClInclude>
    <ClInclude Include="..\..\..\Sources\Core\VertexBuffer.h">
      <Filter>Cross\Core</Filter>
    </ClInclude>
    <ClInclude Include="..\..\..\Sources\Internals\MemoryManager.h">
      <Filter>Cross\Internals</Filter>
    </ClInclude>
    <ClInclude Include="..\..\..\Sources\Libs\SOIL\image_DXT.h">
      <Filter>Cross\Libs\SOIL</Filter>
    </ClInclude>
    <ClInclude Include="..\..\..\Sources\Libs\SOIL\image_helper.h">
      <Filter>Cross\Libs\SOIL</Filter>
    </ClInclude>
    <ClInclude Include="..\..\..\Sources\Libs\SOIL\SOIL.h">
      <Filter>Cross\Libs\SOIL</Filter>
    </ClInclude>
    <ClInclude Include="..\..\..\Sources\Libs\SOIL\stb_image_aug.h">
      <Filter>Cross\Libs\SOIL</Filter>
    </ClInclude>
    <ClInclude Include="..\..\..\Sources\Libs\SOIL\stbi_DDS_aug.h">
      <Filter>Cross\Libs\SOIL</Filter>
    </ClInclude>
    <ClInclude Include="..\..\..\Sources\Libs\SOIL\stbi_DDS_aug_c.h">
      <Filter>Cross\Libs\SOIL</Filter>
    </ClInclude>
    <ClInclude Include="..\..\..\Sources\Math\All.h">
      <Filter>Cross\Math</Filter>
    </ClInclude>
    <ClInclude Include="..\..\..\Sources\Math\Matrix.h">
      <Filter>Cross\Math</Filter>
    </ClInclude>
    <ClInclude Include="..\..\..\Sources\Math\Quaternion.h">
      <Filter>Cross\Math</Filter>
    </ClInclude>
    <ClInclude Include="..\..\..\Sources\Math\Rect.h">
      <Filter>Cross\Math</Filter>
    </ClInclude>
    <ClInclude Include="..\..\..\Sources\Math\Vector2D.h">
      <Filter>Cross\Math</Filter>
    </ClInclude>
    <ClInclude Include="..\..\..\Sources\Math\Vector3D.h">
      <Filter>Cross\Math</Filter>
    </ClInclude>
    <ClInclude Include="..\..\..\Sources\Math\Vector4D.h">
      <Filter>Cross\Math</Filter>
    </ClInclude>
    <ClInclude Include="..\..\..\Sources\Platform\CrossEGL.h">
      <Filter>Cross\Platform</Filter>
    </ClInclude>
    <ClInclude Include="..\..\..\Sources\Platform\Windows\GLES.h">
      <Filter>Cross\Platform\Windows</Filter>
    </ClInclude>
    <ClInclude Include="..\..\..\Sources\Platform\Windows\Native.h">
      <Filter>Cross\Platform\Windows</Filter>
    </ClInclude>
    <ClInclude Include="..\..\..\Sources\Platform\Windows\OpenGL.h">
      <Filter>Cross\Platform\Windows</Filter>
    </ClInclude>
    <ClInclude Include="..\..\..\Sources\Platform\Windows\resource.h">
      <Filter>Cross\Platform\Windows</Filter>
    </ClInclude>
    <ClInclude Include="..\..\..\Sources\Platform\Windows\WINSystem.h">
      <Filter>Cross\Platform\Windows</Filter>
    </ClInclude>
    <ClInclude Include="..\..\..\Sources\Shaders\Shader.h">
      <Filter>Cross\Shaders</Filter>
    </ClInclude>
    <ClInclude Include="..\..\..\Sources\Utils\Cubemap.h">
      <Filter>Cross\Utils</Filter>
    </ClInclude>
    <ClInclude Include="..\..\..\Sources\Utils\FreeCameraScene.h">
      <Filter>Cross\Utils</Filter>
    </ClInclude>
    <ClInclude Include="..\..\..\Sources\Utils\Skybox.h">
      <Filter>Cross\Utils</Filter>
    </ClInclude>
    <ClInclude Include="..\..\..\Sources\Libs\TinyXML2\tinyxml2.h">
      <Filter>Cross\Libs\TinyXML</Filter>
    </ClInclude>
    <ClInclude Include="..\..\..\Sources\Shaders\SingleLightShader.h">
      <Filter>Cross\Shaders</Filter>
    </ClInclude>
    <ClInclude Include="..\..\..\Sources\Shaders\LightsShader.h">
      <Filter>Cross\Shaders</Filter>
    </ClInclude>
    <ClInclude Include="..\..\..\Sources\Utils\Debugger.h">
      <Filter>Cross\Utils</Filter>
    </ClInclude>
    <ClInclude Include="..\..\..\Sources\Utils\PrimitiveDrawer.h">
      <Filter>Cross\Utils</Filter>
    </ClInclude>
    <ClInclude Include="..\..\..\Sources\Core\Model.h">
      <Filter>Cross\Core</Filter>
    </ClInclude>
    <ClInclude Include="..\..\..\Sources\Core\Transform.h">
      <Filter>Cross\Core</Filter>
    </ClInclude>
    <ClInclude Include="..\..\Sources\ThirdParty\ImGui\imconfig.h">
      <Filter>Demo\ThirdParty\ImGui</Filter>
    </ClInclude>
    <ClInclude Include="..\..\Sources\ThirdParty\ImGui\imgui.h">
      <Filter>Demo\ThirdParty\ImGui</Filter>
    </ClInclude>
    <ClInclude Include="..\..\Sources\ThirdParty\ImGui\imgui_freetype.h">
      <Filter>Demo\ThirdParty\ImGui</Filter>
    </ClInclude>
    <ClInclude Include="..\..\Sources\ThirdParty\ImGui\imgui_internal.h">
      <Filter>Demo\ThirdParty\ImGui</Filter>
    </ClInclude>
    <ClInclude Include="..\..\Sources\ThirdParty\ImGui\stb_rect_pack.h">
      <Filter>Demo\ThirdParty\ImGui</Filter>
    </ClInclude>
    <ClInclude Include="..\..\Sources\ThirdParty\ImGui\stb_textedit.h">
      <Filter>Demo\ThirdParty\ImGui</Filter>
    </ClInclude>
    <ClInclude Include="..\..\Sources\ThirdParty\ImGui\stb_truetype.h">
      <Filter>Demo\ThirdParty\ImGui</Filter>
    </ClInclude>
    <ClInclude Include="..\..\Sources\UI\MenuBar.h">
      <Filter>Demo\UI</Filter>
    </ClInclude>
    <ClInclude Include="..\..\Sources\UI\View.h">
      <Filter>Demo\UI</Filter>
    </ClInclude>
    <ClInclude Include="..\..\Sources\UI\CameraController.h">
      <Filter>Demo\UI</Filter>
    </ClInclude>
    <ClInclude Include="..\..\Sources\UI\About.h">
      <Filter>Demo\UI</Filter>
    </ClInclude>
    <ClInclude Include="..\..\Sources\UI\Stats.h">
      <Filter>Demo\UI</Filter>
    </ClInclude>
    <ClInclude Include="..\..\..\Sources\Internals\GraphicsGL.h">
      <Filter>Cross\Internals</Filter>
    </ClInclude>
    <ClInclude Include="..\..\..\Sources\Internals\Audio.h">
      <Filter>Cross\Internals</Filter>
    </ClInclude>
    <ClInclude Include="..\..\..\Sources\Core\ComponentFactory.h">
      <Filter>Cross\Core</Filter>
    </ClInclude>
    <ClInclude Include="..\..\Sources\UI\Log.h">
      <Filter>Demo\UI</Filter>
    </ClInclude>
    <ClInclude Include="..\..\..\Sources\Experimental\Array.h">
      <Filter>Cross\Experimental</Filter>
    </ClInclude>
    <ClInclude Include="..\..\..\Sources\Experimental\String.h">
      <Filter>Cross\Experimental</Filter>
    </ClInclude>
    <ClInclude Include="..\..\..\Sources\Experimental\Function.h">
      <Filter>Cross\Experimental</Filter>
    </ClInclude>
    <ClInclude Include="..\..\Sources\UI\FilesView.h">
      <Filter>Demo\UI</Filter>
    </ClInclude>
    <ClInclude Include="..\..\Sources\UI\SceneView.h">
      <Filter>Demo\UI</Filter>
    </ClInclude>
    <ClInclude Include="..\..\Sources\UI\ComponentsView.h">
      <Filter>Demo\UI</Filter>
    </ClInclude>
    <ClInclude Include="..\..\..\Sources\Core\Property.h">
      <Filter>Cross\Core</Filter>
    </ClInclude>
    <ClInclude Include="..\..\Sources\UI\TransformVisualBox.h">
      <Filter>Demo\UI</Filter>
    </ClInclude>
    <ClInclude Include="..\..\Sources\Scenes\DemoScene.h">
      <Filter>Demo\Scenes</Filter>
    </ClInclude>
    <ClInclude Include="..\..\Sources\Scenes\Simple\TexturedModelScene.h">
      <Filter>Demo\Scenes\Simple</Filter>
    </ClInclude>
    <ClInclude Include="..\..\Sources\Scenes\Simple\TriangleScene.h">
      <Filter>Demo\Scenes\Simple</Filter>
    </ClInclude>
    <ClInclude Include="..\..\Sources\Scenes\Misc\ApocalypseScene.h">
      <Filter>Demo\Scenes\Misc</Filter>
    </ClInclude>
    <ClInclude Include="..\..\Sources\Scenes\Misc\DepthScene.h">
      <Filter>Demo\Scenes\Misc</Filter>
    </ClInclude>
    <ClInclude Include="..\..\Sources\Scenes\Misc\SkyboxScene.h">
      <Filter>Demo\Scenes\Misc</Filter>
    </ClInclude>
    <ClInclude Include="..\..\Sources\Scenes\Misc\TransparencyScene.h">
      <Filter>Demo\Scenes\Misc</Filter>
    </ClInclude>
    <ClInclude Include="..\..\Sources\Scenes\Maps\DiffuseScene.h">
      <Filter>Demo\Scenes\Maps</Filter>
    </ClInclude>
    <ClInclude Include="..\..\Sources\Scenes\Maps\NakedScene.h">
      <Filter>Demo\Scenes\Maps</Filter>
    </ClInclude>
    <ClInclude Include="..\..\Sources\Scenes\Maps\NormalScene.h">
      <Filter>Demo\Scenes\Maps</Filter>
    </ClInclude>
    <ClInclude Include="..\..\Sources\Scenes\Maps\RoughnessScene.h">
      <Filter>Demo\Scenes\Maps</Filter>
    </ClInclude>
    <ClInclude Include="..\..\Sources\Scenes\Maps\SpecularScene.h">
      <Filter>Demo\Scenes\Maps</Filter>
    </ClInclude>
    <ClInclude Include="..\..\Sources\Scenes\Light\DirectionalLightScene.h">
      <Filter>Demo\Scenes\Light</Filter>
    </ClInclude>
    <ClInclude Include="..\..\Sources\Scenes\Light\MaterialScene.h">
      <Filter>Demo\Scenes\Light</Filter>
    </ClInclude>
    <ClInclude Include="..\..\Sources\Scenes\Light\MultiLightScene.h">
      <Filter>Demo\Scenes\Light</Filter>
    </ClInclude>
    <ClInclude Include="..\..\Sources\Scenes\Light\PointLightScene.h">
      <Filter>Demo\Scenes\Light</Filter>
    </ClInclude>
    <ClInclude Include="..\..\Sources\Scenes\Light\SpotLightScene.h">
      <Filter>Demo\Scenes\Light</Filter>
    </ClInclude>
    <ClInclude Include="..\..\Sources\ImGuiScreen.h">
      <Filter>Demo</Filter>
    </ClInclude>
    <ClInclude Include="..\..\Sources\UI\LaunchView.h">
      <Filter>Demo\UI</Filter>
    </ClInclude>
    <ClInclude Include="..\..\Sources\UI\PropertiesView.h">
      <Filter>Demo\UI</Filter>
    </ClInclude>
    <ClInclude Include="..\..\Sources\UI\ShaderVisualBox.h">
      <Filter>Demo\UI</Filter>
    </ClInclude>
  </ItemGroup>
  <ItemGroup>
    <ResourceCompile Include="Cross++.rc" />
  </ItemGroup>
</Project>