<?xml version="1.0" encoding="utf-8"?>
<Project ToolsVersion="4.0" xmlns="http://schemas.microsoft.com/developer/msbuild/2003">
  <ItemGroup>
    <Filter Include="Cross">
      <UniqueIdentifier>{6cfee1d6-7752-4871-bb8a-d3373bf0533c}</UniqueIdentifier>
    </Filter>
    <Filter Include="Cross\Utils">
      <UniqueIdentifier>{b606314a-4719-4661-a7c6-1ca6a484708c}</UniqueIdentifier>
    </Filter>
    <Filter Include="Demo">
      <UniqueIdentifier>{19ace69f-e0fa-4b3e-ac10-3da008bf0e6c}</UniqueIdentifier>
    </Filter>
    <Filter Include="Cross\Platform">
      <UniqueIdentifier>{0055a5ef-90b5-49ea-a57c-ca37ef5b5e24}</UniqueIdentifier>
    </Filter>
    <Filter Include="Cross\Platform\Windows">
      <UniqueIdentifier>{171b94f2-0c0c-4e31-ae57-bc67b70b4125}</UniqueIdentifier>
    </Filter>
    <Filter Include="Cross\Shaders">
      <UniqueIdentifier>{0339447c-d355-47b0-9d8b-a80353255f60}</UniqueIdentifier>
    </Filter>
    <Filter Include="Demo\Graphics2D">
      <UniqueIdentifier>{22f427a0-3bad-4d14-b5b9-128218b78dd4}</UniqueIdentifier>
    </Filter>
    <Filter Include="Demo\Graphics3D">
      <UniqueIdentifier>{e2bb383f-7353-4c96-b961-b48bbccd78f2}</UniqueIdentifier>
    </Filter>
    <Filter Include="Cross\Experimental">
      <UniqueIdentifier>{090a0712-4ab6-4414-bd48-905c77498348}</UniqueIdentifier>
    </Filter>
    <Filter Include="Cross\Libs">
      <UniqueIdentifier>{0a91abce-0279-48f7-9128-742707d932e7}</UniqueIdentifier>
    </Filter>
    <Filter Include="Cross\Libs\SOIL">
      <UniqueIdentifier>{a503569c-198a-4511-93b8-b179bc221b54}</UniqueIdentifier>
    </Filter>
    <Filter Include="Cross\Libs\TinyXML">
      <UniqueIdentifier>{143e55bb-db46-48b5-9f3e-51e7afb79a53}</UniqueIdentifier>
    </Filter>
    <Filter Include="Demo\Graphics3D\Simple">
      <UniqueIdentifier>{14bce2b9-46d5-4233-8bac-3494903e2f45}</UniqueIdentifier>
    </Filter>
    <Filter Include="Demo\Graphics3D\Light">
      <UniqueIdentifier>{88cb8396-bda3-4c0f-9852-078ed0f9239d}</UniqueIdentifier>
    </Filter>
    <Filter Include="Cross\Math">
      <UniqueIdentifier>{c29fcd9b-dc4f-4506-bc92-e686220f618c}</UniqueIdentifier>
    </Filter>
    <Filter Include="Demo\Graphics3D\Misc">
      <UniqueIdentifier>{ac3cc46f-ab38-46b7-9e41-24a82b837ed0}</UniqueIdentifier>
    </Filter>
    <Filter Include="Demo\Graphics3D\Maps">
      <UniqueIdentifier>{ffe6128e-4736-4aec-a45c-2000131e3087}</UniqueIdentifier>
    </Filter>
    <Filter Include="Cross\Internals">
      <UniqueIdentifier>{d6564650-e2ab-4b0f-9882-cac798a8120e}</UniqueIdentifier>
    </Filter>
    <Filter Include="Cross\Core">
      <UniqueIdentifier>{475abeb6-dd54-470f-af9f-ac6856413a61}</UniqueIdentifier>
    </Filter>
  </ItemGroup>
  <ItemGroup>
    <ClCompile Include="main.cpp" />
    <ClCompile Include="..\..\Sources\Demo.cpp">
      <Filter>Demo</Filter>
    </ClCompile>
    <ClCompile Include="..\..\Sources\MainScreen.cpp">
      <Filter>Demo</Filter>
    </ClCompile>
    <ClCompile Include="..\..\Sources\AudioScreen.cpp">
      <Filter>Demo</Filter>
    </ClCompile>
    <ClCompile Include="..\..\Sources\Menu.cpp">
      <Filter>Demo</Filter>
    </ClCompile>
    <ClCompile Include="..\..\Sources\Graphics2D\AnimationScreen.cpp">
      <Filter>Demo\Graphics2D</Filter>
    </ClCompile>
    <ClCompile Include="..\..\Sources\Graphics2D\PrimitivesScreen.cpp">
      <Filter>Demo\Graphics2D</Filter>
    </ClCompile>
    <ClCompile Include="..\..\Sources\Graphics2D\SpritesScreen.cpp">
      <Filter>Demo\Graphics2D</Filter>
    </ClCompile>
    <ClCompile Include="..\..\Sources\Graphics2D\TextScreen.cpp">
      <Filter>Demo\Graphics2D</Filter>
    </ClCompile>
    <ClCompile Include="..\..\Sources\ScrollScreen.cpp">
      <Filter>Demo</Filter>
    </ClCompile>
    <ClCompile Include="..\..\Sources\Graphics3D\Simple\SolidModelScene.cpp">
      <Filter>Demo\Graphics3D\Simple</Filter>
    </ClCompile>
    <ClCompile Include="..\..\Sources\Graphics3D\Simple\TexturedModelScene.cpp">
      <Filter>Demo\Graphics3D\Simple</Filter>
    </ClCompile>
    <ClCompile Include="..\..\Sources\Graphics3D\Simple\TriangleScene.cpp">
      <Filter>Demo\Graphics3D\Simple</Filter>
    </ClCompile>
    <ClCompile Include="..\..\Sources\Graphics3D\Light\DirectionalLightScene.cpp">
      <Filter>Demo\Graphics3D\Light</Filter>
    </ClCompile>
    <ClCompile Include="..\..\Sources\Graphics3D\Light\MultiLightScene.cpp">
      <Filter>Demo\Graphics3D\Light</Filter>
    </ClCompile>
    <ClCompile Include="..\..\Sources\Graphics3D\Light\PointLightScene.cpp">
      <Filter>Demo\Graphics3D\Light</Filter>
    </ClCompile>
    <ClCompile Include="..\..\Sources\Graphics3D\Light\SpotLightScene.cpp">
      <Filter>Demo\Graphics3D\Light</Filter>
    </ClCompile>
    <ClCompile Include="..\..\Sources\Graphics3D\Light\MaterialScene.cpp">
      <Filter>Demo\Graphics3D\Light</Filter>
    </ClCompile>
    <ClCompile Include="..\..\Sources\Graphics3D\Misc\DepthScene.cpp">
      <Filter>Demo\Graphics3D\Misc</Filter>
    </ClCompile>
    <ClCompile Include="..\..\Sources\Graphics3D\Misc\TransparencyScene.cpp">
      <Filter>Demo\Graphics3D\Misc</Filter>
    </ClCompile>
    <ClCompile Include="..\..\Sources\Graphics3D\Misc\ApocalypseScene.cpp">
      <Filter>Demo\Graphics3D\Misc</Filter>
    </ClCompile>
    <ClCompile Include="..\..\Sources\Graphics3D\Misc\SkyboxScene.cpp">
      <Filter>Demo\Graphics3D\Misc</Filter>
    </ClCompile>
    <ClCompile Include="..\..\Sources\Graphics3D\Maps\NakedScene.cpp">
      <Filter>Demo\Graphics3D\Maps</Filter>
    </ClCompile>
    <ClCompile Include="..\..\Sources\Graphics3D\Maps\DiffuseScene.cpp">
      <Filter>Demo\Graphics3D\Maps</Filter>
    </ClCompile>
    <ClCompile Include="..\..\Sources\Graphics3D\Maps\SpecularScene.cpp">
      <Filter>Demo\Graphics3D\Maps</Filter>
    </ClCompile>
    <ClCompile Include="..\..\Sources\Graphics3D\Maps\RoughnessScene.cpp">
      <Filter>Demo\Graphics3D\Maps</Filter>
    </ClCompile>
    <ClCompile Include="..\..\Sources\Graphics3D\Maps\NormalScene.cpp">
      <Filter>Demo\Graphics3D\Maps</Filter>
    </ClCompile>
    <ClCompile Include="..\..\Sources\Graphics3D\CameraControlsScene.cpp">
      <Filter>Demo\Graphics3D</Filter>
    </ClCompile>
    <ClCompile Include="..\..\..\Sources\Core\Audio.cpp">
      <Filter>Cross\Core</Filter>
    </ClCompile>
    <ClCompile Include="..\..\..\Sources\Core\Camera.cpp">
      <Filter>Cross\Core</Filter>
    </ClCompile>
    <ClCompile Include="..\..\..\Sources\Core\Camera2D.cpp">
      <Filter>Cross\Core</Filter>
    </ClCompile>
    <ClCompile Include="..\..\..\Sources\Core\Color.cpp">
      <Filter>Cross\Core</Filter>
    </ClCompile>
    <ClCompile Include="..\..\..\Sources\Core\Component.cpp">
      <Filter>Cross\Core</Filter>
    </ClCompile>
    <ClCompile Include="..\..\..\Sources\Core\Config.cpp">
      <Filter>Cross\Core</Filter>
    </ClCompile>
    <ClCompile Include="..\..\..\Sources\Core\Entity.cpp">
      <Filter>Cross\Core</Filter>
    </ClCompile>
    <ClCompile Include="..\..\..\Sources\Core\File.cpp">
      <Filter>Cross\Core</Filter>
    </ClCompile>
    <ClCompile Include="..\..\..\Sources\Core\Game.cpp">
      <Filter>Cross\Core</Filter>
    </ClCompile>
    <ClCompile Include="..\..\..\Sources\Core\Graphics2D.cpp">
      <Filter>Cross\Core</Filter>
    </ClCompile>
    <ClCompile Include="..\..\..\Sources\Core\Graphics3D.cpp">
      <Filter>Cross\Core</Filter>
    </ClCompile>
    <ClCompile Include="..\..\..\Sources\Core\GraphicsGL.cpp">
      <Filter>Cross\Core</Filter>
    </ClCompile>
    <ClCompile Include="..\..\..\Sources\Core\Input.cpp">
      <Filter>Cross\Core</Filter>
    </ClCompile>
    <ClCompile Include="..\..\..\Sources\Core\Light.cpp">
      <Filter>Cross\Core</Filter>
    </ClCompile>
    <ClCompile Include="..\..\..\Sources\Core\Material.cpp">
      <Filter>Cross\Core</Filter>
    </ClCompile>
    <ClCompile Include="..\..\..\Sources\Core\Mesh.cpp">
      <Filter>Cross\Core</Filter>
    </ClCompile>
    <ClCompile Include="..\..\..\Sources\Core\Scene.cpp">
      <Filter>Cross\Core</Filter>
    </ClCompile>
    <ClCompile Include="..\..\..\Sources\Core\Screen.cpp">
      <Filter>Cross\Core</Filter>
    </ClCompile>
    <ClCompile Include="..\..\..\Sources\Core\Sound.cpp">
      <Filter>Cross\Core</Filter>
    </ClCompile>
    <ClCompile Include="..\..\..\Sources\Core\Sprite.cpp">
      <Filter>Cross\Core</Filter>
    </ClCompile>
    <ClCompile Include="..\..\..\Sources\Core\System.cpp">
      <Filter>Cross\Core</Filter>
    </ClCompile>
    <ClCompile Include="..\..\..\Sources\Core\Texture.cpp">
      <Filter>Cross\Core</Filter>
    </ClCompile>
    <ClCompile Include="..\..\..\Sources\Core\Transformable.cpp">
      <Filter>Cross\Core</Filter>
    </ClCompile>
    <ClCompile Include="..\..\..\Sources\Core\UI.cpp">
      <Filter>Cross\Core</Filter>
    </ClCompile>
    <ClCompile Include="..\..\..\Sources\Core\VertexBuffer.cpp">
      <Filter>Cross\Core</Filter>
    </ClCompile>
    <ClCompile Include="..\..\..\Sources\Internals\MemoryManager.cpp">
      <Filter>Cross\Internals</Filter>
    </ClCompile>
    <ClCompile Include="..\..\..\Sources\Libs\SOIL\image_helper.c">
      <Filter>Cross\Libs\SOIL</Filter>
    </ClCompile>
    <ClCompile Include="..\..\..\Sources\Libs\SOIL\SOIL.c">
      <Filter>Cross\Libs\SOIL</Filter>
    </ClCompile>
    <ClCompile Include="..\..\..\Sources\Libs\SOIL\stb_image_aug.c">
      <Filter>Cross\Libs\SOIL</Filter>
    </ClCompile>
    <ClCompile Include="..\..\..\Sources\Math\All.cpp">
      <Filter>Cross\Math</Filter>
    </ClCompile>
    <ClCompile Include="..\..\..\Sources\Math\Matrix.cpp">
      <Filter>Cross\Math</Filter>
    </ClCompile>
    <ClCompile Include="..\..\..\Sources\Math\Quaternion.cpp">
      <Filter>Cross\Math</Filter>
    </ClCompile>
    <ClCompile Include="..\..\..\Sources\Math\Rect.cpp">
      <Filter>Cross\Math</Filter>
    </ClCompile>
    <ClCompile Include="..\..\..\Sources\Math\Vector2D.cpp">
      <Filter>Cross\Math</Filter>
    </ClCompile>
    <ClCompile Include="..\..\..\Sources\Math\Vector3D.cpp">
      <Filter>Cross\Math</Filter>
    </ClCompile>
    <ClCompile Include="..\..\..\Sources\Math\Vector4D.cpp">
      <Filter>Cross\Math</Filter>
    </ClCompile>
    <ClCompile Include="..\..\..\Sources\Platform\CrossEGL.cpp">
      <Filter>Cross\Platform</Filter>
    </ClCompile>
    <ClCompile Include="..\..\..\Sources\Platform\Windows\Cross.cpp">
      <Filter>Cross\Platform\Windows</Filter>
    </ClCompile>
    <ClCompile Include="..\..\..\Sources\Platform\Windows\GLES.cpp">
      <Filter>Cross\Platform\Windows</Filter>
    </ClCompile>
    <ClCompile Include="..\..\..\Sources\Platform\Windows\Native.cpp">
      <Filter>Cross\Platform\Windows</Filter>
    </ClCompile>
    <ClCompile Include="..\..\..\Sources\Platform\Windows\OpenGL.cpp">
      <Filter>Cross\Platform\Windows</Filter>
    </ClCompile>
    <ClCompile Include="..\..\..\Sources\Platform\Windows\WINSystem.cpp">
      <Filter>Cross\Platform\Windows</Filter>
    </ClCompile>
    <ClCompile Include="..\..\..\Sources\Shaders\Shader.cpp">
      <Filter>Cross\Shaders</Filter>
    </ClCompile>
    <ClCompile Include="..\..\..\Sources\Utils\Animation.cpp">
      <Filter>Cross\Utils</Filter>
    </ClCompile>
    <ClCompile Include="..\..\..\Sources\Utils\Button.cpp">
      <Filter>Cross\Utils</Filter>
    </ClCompile>
    <ClCompile Include="..\..\..\Sources\Utils\Cubemap.cpp">
      <Filter>Cross\Utils</Filter>
    </ClCompile>
    <ClCompile Include="..\..\..\Sources\Utils\Font.cpp">
      <Filter>Cross\Utils</Filter>
    </ClCompile>
    <ClCompile Include="..\..\..\Sources\Utils\FreeCameraScene.cpp">
      <Filter>Cross\Utils</Filter>
    </ClCompile>
    <ClCompile Include="..\..\..\Sources\Utils\Skybox.cpp">
      <Filter>Cross\Utils</Filter>
    </ClCompile>
    <ClCompile Include="..\..\..\Sources\Utils\ToggleButton.cpp">
      <Filter>Cross\Utils</Filter>
    </ClCompile>
    <ClCompile Include="..\..\..\Sources\Libs\TinyXML2\tinyxml2.cpp">
      <Filter>Cross\Libs\TinyXML</Filter>
    </ClCompile>
    <ClCompile Include="..\..\..\Sources\Shaders\SingleLightShader.cpp">
      <Filter>Cross\Shaders</Filter>
    </ClCompile>
    <ClCompile Include="..\..\..\Sources\Shaders\LightsShader.cpp">
      <Filter>Cross\Shaders</Filter>
    </ClCompile>
    <ClCompile Include="..\..\..\Sources\Utils\Debugger.cpp">
      <Filter>Cross\Utils</Filter>
    </ClCompile>
  </ItemGroup>
  <ItemGroup>
    <ClInclude Include="..\..\Sources\Demo.h">
      <Filter>Demo</Filter>
    </ClInclude>
    <ClInclude Include="..\..\Sources\MainScreen.h">
      <Filter>Demo</Filter>
    </ClInclude>
    <ClInclude Include="resource.h" />
    <ClInclude Include="..\..\Sources\AudioScreen.h">
      <Filter>Demo</Filter>
    </ClInclude>
    <ClInclude Include="..\..\Sources\Menu.h">
      <Filter>Demo</Filter>
    </ClInclude>
    <ClInclude Include="..\..\Sources\Graphics2D\AnimationScreen.h">
      <Filter>Demo\Graphics2D</Filter>
    </ClInclude>
    <ClInclude Include="..\..\Sources\Graphics2D\PrimitivesScreen.h">
      <Filter>Demo\Graphics2D</Filter>
    </ClInclude>
    <ClInclude Include="..\..\Sources\Graphics2D\SpritesScreen.h">
      <Filter>Demo\Graphics2D</Filter>
    </ClInclude>
    <ClInclude Include="..\..\Sources\Graphics2D\TextScreen.h">
      <Filter>Demo\Graphics2D</Filter>
    </ClInclude>
    <ClInclude Include="..\..\Sources\ScrollScreen.h">
      <Filter>Demo</Filter>
    </ClInclude>
    <ClInclude Include="..\..\Sources\Graphics3D\Simple\SolidModelScene.h">
      <Filter>Demo\Graphics3D\Simple</Filter>
    </ClInclude>
    <ClInclude Include="..\..\Sources\Graphics3D\Simple\TexturedModelScene.h">
      <Filter>Demo\Graphics3D\Simple</Filter>
    </ClInclude>
    <ClInclude Include="..\..\Sources\Graphics3D\Simple\TriangleScene.h">
      <Filter>Demo\Graphics3D\Simple</Filter>
    </ClInclude>
    <ClInclude Include="..\..\Sources\Graphics3D\Light\DirectionalLightScene.h">
      <Filter>Demo\Graphics3D\Light</Filter>
    </ClInclude>
    <ClInclude Include="..\..\Sources\Graphics3D\Light\MultiLightScene.h">
      <Filter>Demo\Graphics3D\Light</Filter>
    </ClInclude>
    <ClInclude Include="..\..\Sources\Graphics3D\Light\PointLightScene.h">
      <Filter>Demo\Graphics3D\Light</Filter>
    </ClInclude>
    <ClInclude Include="..\..\Sources\Graphics3D\Light\SpotLightScene.h">
      <Filter>Demo\Graphics3D\Light</Filter>
    </ClInclude>
    <ClInclude Include="..\..\Sources\Graphics3D\Light\MaterialScene.h">
      <Filter>Demo\Graphics3D\Light</Filter>
    </ClInclude>
    <ClInclude Include="..\..\Sources\Graphics3D\Misc\DepthScene.h">
      <Filter>Demo\Graphics3D\Misc</Filter>
    </ClInclude>
    <ClInclude Include="..\..\Sources\Graphics3D\Misc\TransparencyScene.h">
      <Filter>Demo\Graphics3D\Misc</Filter>
    </ClInclude>
    <ClInclude Include="..\..\Sources\Graphics3D\Misc\ApocalypseScene.h">
      <Filter>Demo\Graphics3D\Misc</Filter>
    </ClInclude>
    <ClInclude Include="..\..\Sources\Graphics3D\Misc\SkyboxScene.h">
      <Filter>Demo\Graphics3D\Misc</Filter>
    </ClInclude>
    <ClInclude Include="..\..\Sources\Graphics3D\Maps\NakedScene.h">
      <Filter>Demo\Graphics3D\Maps</Filter>
    </ClInclude>
    <ClInclude Include="..\..\Sources\Graphics3D\Maps\DiffuseScene.h">
      <Filter>Demo\Graphics3D\Maps</Filter>
    </ClInclude>
    <ClInclude Include="..\..\Sources\Graphics3D\Maps\SpecularScene.h">
      <Filter>Demo\Graphics3D\Maps</Filter>
    </ClInclude>
    <ClInclude Include="..\..\Sources\Graphics3D\Maps\RoughnessScene.h">
      <Filter>Demo\Graphics3D\Maps</Filter>
    </ClInclude>
    <ClInclude Include="..\..\Sources\Graphics3D\Maps\NormalScene.h">
      <Filter>Demo\Graphics3D\Maps</Filter>
    </ClInclude>
    <ClInclude Include="..\..\Sources\Graphics3D\CameraControlsScene.h">
      <Filter>Demo\Graphics3D</Filter>
    </ClInclude>
    <ClInclude Include="..\..\..\Sources\Core\Audio.h">
      <Filter>Cross\Core</Filter>
    </ClInclude>
    <ClInclude Include="..\..\..\Sources\Core\Camera.h">
      <Filter>Cross\Core</Filter>
    </ClInclude>
    <ClInclude Include="..\..\..\Sources\Core\Camera2D.h">
      <Filter>Cross\Core</Filter>
    </ClInclude>
    <ClInclude Include="..\..\..\Sources\Core\Color.h">
      <Filter>Cross\Core</Filter>
    </ClInclude>
    <ClInclude Include="..\..\..\Sources\Core\Component.h">
      <Filter>Cross\Core</Filter>
    </ClInclude>
    <ClInclude Include="..\..\..\Sources\Core\Config.h">
      <Filter>Cross\Core</Filter>
    </ClInclude>
    <ClInclude Include="..\..\..\Sources\Core\Cross.h">
      <Filter>Cross\Core</Filter>
    </ClInclude>
    <ClInclude Include="..\..\..\Sources\Core\Entity.h">
      <Filter>Cross\Core</Filter>
    </ClInclude>
    <ClInclude Include="..\..\..\Sources\Core\Event.h">
      <Filter>Cross\Core</Filter>
    </ClInclude>
    <ClInclude Include="..\..\..\Sources\Core\File.h">
      <Filter>Cross\Core</Filter>
    </ClInclude>
    <ClInclude Include="..\..\..\Sources\Core\Game.h">
      <Filter>Cross\Core</Filter>
    </ClInclude>
    <ClInclude Include="..\..\..\Sources\Core\Graphics2D.h">
      <Filter>Cross\Core</Filter>
    </ClInclude>
    <ClInclude Include="..\..\..\Sources\Core\Graphics3D.h">
      <Filter>Cross\Core</Filter>
    </ClInclude>
    <ClInclude Include="..\..\..\Sources\Core\GraphicsGL.h">
      <Filter>Cross\Core</Filter>
    </ClInclude>
    <ClInclude Include="..\..\..\Sources\Core\Input.h">
      <Filter>Cross\Core</Filter>
    </ClInclude>
    <ClInclude Include="..\..\..\Sources\Core\Light.h">
      <Filter>Cross\Core</Filter>
    </ClInclude>
    <ClInclude Include="..\..\..\Sources\Core\Material.h">
      <Filter>Cross\Core</Filter>
    </ClInclude>
    <ClInclude Include="..\..\..\Sources\Core\Mesh.h">
      <Filter>Cross\Core</Filter>
    </ClInclude>
    <ClInclude Include="..\..\..\Sources\Core\Scene.h">
      <Filter>Cross\Core</Filter>
    </ClInclude>
    <ClInclude Include="..\..\..\Sources\Core\Screen.h">
      <Filter>Cross\Core</Filter>
    </ClInclude>
    <ClInclude Include="..\..\..\Sources\Core\Sound.h">
      <Filter>Cross\Core</Filter>
    </ClInclude>
    <ClInclude Include="..\..\..\Sources\Core\Sprite.h">
      <Filter>Cross\Core</Filter>
    </ClInclude>
    <ClInclude Include="..\..\..\Sources\Core\System.h">
      <Filter>Cross\Core</Filter>
    </ClInclude>
    <ClInclude Include="..\..\..\Sources\Core\Texture.h">
      <Filter>Cross\Core</Filter>
    </ClInclude>
    <ClInclude Include="..\..\..\Sources\Core\Transformable.h">
      <Filter>Cross\Core</Filter>
    </ClInclude>
    <ClInclude Include="..\..\..\Sources\Core\UI.h">
      <Filter>Cross\Core</Filter>
    </ClInclude>
    <ClInclude Include="..\..\..\Sources\Core\VertexBuffer.h">
      <Filter>Cross\Core</Filter>
    </ClInclude>
    <ClInclude Include="..\..\..\Sources\Internals\MemoryManager.h">
      <Filter>Cross\Internals</Filter>
    </ClInclude>
    <ClInclude Include="..\..\..\Sources\Libs\SOIL\image_DXT.h">
      <Filter>Cross\Libs\SOIL</Filter>
    </ClInclude>
    <ClInclude Include="..\..\..\Sources\Libs\SOIL\image_helper.h">
      <Filter>Cross\Libs\SOIL</Filter>
    </ClInclude>
    <ClInclude Include="..\..\..\Sources\Libs\SOIL\SOIL.h">
      <Filter>Cross\Libs\SOIL</Filter>
    </ClInclude>
    <ClInclude Include="..\..\..\Sources\Libs\SOIL\stb_image_aug.h">
      <Filter>Cross\Libs\SOIL</Filter>
    </ClInclude>
    <ClInclude Include="..\..\..\Sources\Libs\SOIL\stbi_DDS_aug.h">
      <Filter>Cross\Libs\SOIL</Filter>
    </ClInclude>
    <ClInclude Include="..\..\..\Sources\Libs\SOIL\stbi_DDS_aug_c.h">
      <Filter>Cross\Libs\SOIL</Filter>
    </ClInclude>
    <ClInclude Include="..\..\..\Sources\Math\All.h">
      <Filter>Cross\Math</Filter>
    </ClInclude>
    <ClInclude Include="..\..\..\Sources\Math\Matrix.h">
      <Filter>Cross\Math</Filter>
    </ClInclude>
    <ClInclude Include="..\..\..\Sources\Math\Quaternion.h">
      <Filter>Cross\Math</Filter>
    </ClInclude>
    <ClInclude Include="..\..\..\Sources\Math\Rect.h">
      <Filter>Cross\Math</Filter>
    </ClInclude>
    <ClInclude Include="..\..\..\Sources\Math\Vector2D.h">
      <Filter>Cross\Math</Filter>
    </ClInclude>
    <ClInclude Include="..\..\..\Sources\Math\Vector3D.h">
      <Filter>Cross\Math</Filter>
    </ClInclude>
    <ClInclude Include="..\..\..\Sources\Math\Vector4D.h">
      <Filter>Cross\Math</Filter>
    </ClInclude>
    <ClInclude Include="..\..\..\Sources\Platform\CrossEGL.h">
      <Filter>Cross\Platform</Filter>
    </ClInclude>
    <ClInclude Include="..\..\..\Sources\Platform\Windows\GLES.h">
      <Filter>Cross\Platform\Windows</Filter>
    </ClInclude>
    <ClInclude Include="..\..\..\Sources\Platform\Windows\Native.h">
      <Filter>Cross\Platform\Windows</Filter>
    </ClInclude>
    <ClInclude Include="..\..\..\Sources\Platform\Windows\OpenGL.h">
      <Filter>Cross\Platform\Windows</Filter>
    </ClInclude>
    <ClInclude Include="..\..\..\Sources\Platform\Windows\resource.h">
      <Filter>Cross\Platform\Windows</Filter>
    </ClInclude>
    <ClInclude Include="..\..\..\Sources\Platform\Windows\WINSystem.h">
      <Filter>Cross\Platform\Windows</Filter>
    </ClInclude>
    <ClInclude Include="..\..\..\Sources\Shaders\Shader.h">
      <Filter>Cross\Shaders</Filter>
    </ClInclude>
    <ClInclude Include="..\..\..\Sources\Utils\Animation.h">
      <Filter>Cross\Utils</Filter>
    </ClInclude>
    <ClInclude Include="..\..\..\Sources\Utils\Button.h">
      <Filter>Cross\Utils</Filter>
    </ClInclude>
    <ClInclude Include="..\..\..\Sources\Utils\Cubemap.h">
      <Filter>Cross\Utils</Filter>
    </ClInclude>
    <ClInclude Include="..\..\..\Sources\Utils\Font.h">
      <Filter>Cross\Utils</Filter>
    </ClInclude>
    <ClInclude Include="..\..\..\Sources\Utils\FreeCameraScene.h">
      <Filter>Cross\Utils</Filter>
    </ClInclude>
    <ClInclude Include="..\..\..\Sources\Utils\Skybox.h">
      <Filter>Cross\Utils</Filter>
    </ClInclude>
    <ClInclude Include="..\..\..\Sources\Utils\ToggleButton.h">
      <Filter>Cross\Utils</Filter>
    </ClInclude>
    <ClInclude Include="..\..\..\Sources\Libs\TinyXML2\tinyxml2.h">
      <Filter>Cross\Libs\TinyXML</Filter>
    </ClInclude>
    <ClInclude Include="..\..\..\Sources\Shaders\SingleLightShader.h">
      <Filter>Cross\Shaders</Filter>
    </ClInclude>
    <ClInclude Include="..\..\..\Sources\Shaders\LightsShader.h">
      <Filter>Cross\Shaders</Filter>
    </ClInclude>
    <ClInclude Include="..\..\..\Sources\Utils\Debugger.h">
      <Filter>Cross\Utils</Filter>
    </ClInclude>
  </ItemGroup>
  <ItemGroup>
    <ResourceCompile Include="Cross++.rc" />
  </ItemGroup>
</Project>