<?xml version="1.0" encoding="utf-8"?>
<Project ToolsVersion="4.0" xmlns="http://schemas.microsoft.com/developer/msbuild/2003">
  <ItemGroup>
    <ClCompile Include="WinAPI.cpp" />
    <ClCompile Include="..\..\..\Sources\Graphics.cpp">
      <Filter>Cross</Filter>
    </ClCompile>
    <ClCompile Include="Windows\LauncherWIN.cpp">
      <Filter>Windows</Filter>
    </ClCompile>
    <ClCompile Include="..\..\..\Sources\Game.cpp">
      <Filter>Cross</Filter>
    </ClCompile>
    <ClCompile Include="..\..\..\Sources\Screen.cpp">
      <Filter>Cross</Filter>
    </ClCompile>
    <ClCompile Include="..\..\..\Games\Snaky\Sources\MenuScreen.cpp">
      <Filter>Snaky</Filter>
    </ClCompile>
    <ClCompile Include="..\..\..\Games\Snaky\Sources\SnakyGame.cpp">
      <Filter>Snaky</Filter>
    </ClCompile>
    <ClCompile Include="..\..\..\Sources\Image.cpp">
      <Filter>Cross</Filter>
    </ClCompile>
    <ClCompile Include="..\..\..\Games\Demo\Sources\Demo.cpp">
      <Filter>Demo</Filter>
    </ClCompile>
    <ClCompile Include="..\..\..\Games\Demo\Sources\MainScreen.cpp">
      <Filter>Demo</Filter>
    </ClCompile>
    <ClCompile Include="..\..\..\Sources\Utils\PointX.cpp">
      <Filter>Cross\Utils</Filter>
    </ClCompile>
    <ClCompile Include="..\..\..\Sources\SOIL\image_helper.c">
      <Filter>Cross\SOIL</Filter>
    </ClCompile>
    <ClCompile Include="..\..\..\Sources\SOIL\SOIL.c">
      <Filter>Cross\SOIL</Filter>
    </ClCompile>
    <ClCompile Include="..\..\..\Sources\SOIL\stb_image_aug.c">
      <Filter>Cross\SOIL</Filter>
    </ClCompile>
    <ClCompile Include="..\..\..\Sources\Utils\RectX.cpp">
      <Filter>Cross\Utils</Filter>
    </ClCompile>
    <ClCompile Include="..\..\..\Sources\Utils\Texter.cpp">
      <Filter>Cross\Utils</Filter>
    </ClCompile>
    <ClCompile Include="..\..\..\Sources\Utils\Debuger.cpp">
      <Filter>Cross\Utils</Filter>
    </ClCompile>
    <ClCompile Include="..\..\..\Sources\Utils\Button.cpp">
      <Filter>Cross\Utils</Filter>
    </ClCompile>
    <ClCompile Include="..\..\..\Sources\Input.cpp">
      <Filter>Cross</Filter>
    </ClCompile>
    <ClCompile Include="..\..\..\Games\Demo\Sources\SecondScreen.cpp">
      <Filter>Demo</Filter>
    </ClCompile>
    <ClCompile Include="..\..\..\Sources\Utils\Animation.cpp">
      <Filter>Cross\Utils</Filter>
    </ClCompile>
    <ClCompile Include="..\..\..\Sources\Saver.cpp">
      <Filter>Cross</Filter>
    </ClCompile>
    <ClCompile Include="..\..\..\Sources\Utils\ToggleButton.cpp">
      <Filter>Cross\Utils</Filter>
    </ClCompile>
    <ClCompile Include="Windows\AudioWIN.cpp">
      <Filter>Windows</Filter>
    </ClCompile>
  </ItemGroup>
  <ItemGroup>
    <Filter Include="Cross">
      <UniqueIdentifier>{bf6605b8-4716-493a-9f60-06a01e42d503}</UniqueIdentifier>
    </Filter>
    <Filter Include="Windows">
      <UniqueIdentifier>{1eddf9d5-122b-4982-9508-f85e84670fcf}</UniqueIdentifier>
    </Filter>
    <Filter Include="Snaky">
      <UniqueIdentifier>{068f575a-ea61-4481-be68-4e1337905f69}</UniqueIdentifier>
    </Filter>
    <Filter Include="Cross\SOIL">
      <UniqueIdentifier>{80335f06-e4aa-4b53-bcf3-cf4ea37c8249}</UniqueIdentifier>
    </Filter>
    <Filter Include="Demo">
      <UniqueIdentifier>{30223344-ce79-4133-9271-cee9dfe1e6c9}</UniqueIdentifier>
    </Filter>
    <Filter Include="Cross\Utils">
      <UniqueIdentifier>{28cf75a4-742c-46a4-87c4-fe09b37ab72b}</UniqueIdentifier>
    </Filter>
    <Filter Include="Demo\Data">
      <UniqueIdentifier>{1603c797-b4bd-4971-82db-403495a5ee53}</UniqueIdentifier>
    </Filter>
  </ItemGroup>
  <ItemGroup>
    <ClInclude Include="..\..\..\Sources\Graphics.h">
      <Filter>Cross</Filter>
    </ClInclude>
    <ClInclude Include="..\..\..\Sources\Launcher.h">
      <Filter>Cross</Filter>
    </ClInclude>
    <ClInclude Include="Windows\LauncherWIN.h">
      <Filter>Windows</Filter>
    </ClInclude>
    <ClInclude Include="..\..\..\Sources\Game.h">
      <Filter>Cross</Filter>
    </ClInclude>
    <ClInclude Include="..\..\..\Games\Snaky\Sources\MenuScreen.h">
      <Filter>Snaky</Filter>
    </ClInclude>
    <ClInclude Include="..\..\..\Games\Snaky\Sources\SnakyGame.h">
      <Filter>Snaky</Filter>
    </ClInclude>
    <ClInclude Include="..\..\..\Sources\Screen.h">
      <Filter>Cross</Filter>
    </ClInclude>
    <ClInclude Include="..\..\..\Sources\Image.h">
      <Filter>Cross</Filter>
    </ClInclude>
    <ClInclude Include="..\..\..\Sources\SOIL\image_helper.h">
      <Filter>Cross\SOIL</Filter>
    </ClInclude>
    <ClInclude Include="..\..\..\Sources\SOIL\SOIL.h">
      <Filter>Cross\SOIL</Filter>
    </ClInclude>
    <ClInclude Include="..\..\..\Sources\SOIL\stb_image_aug.h">
      <Filter>Cross\SOIL</Filter>
    </ClInclude>
    <ClInclude Include="..\..\..\Games\Demo\Sources\Demo.h">
      <Filter>Demo</Filter>
    </ClInclude>
    <ClInclude Include="..\..\..\Games\Demo\Sources\MainScreen.h">
      <Filter>Demo</Filter>
    </ClInclude>
    <ClInclude Include="..\..\..\Sources\Utils\PointX.h">
      <Filter>Cross\Utils</Filter>
    </ClInclude>
    <ClInclude Include="..\..\..\Sources\Utils\RectX.h">
      <Filter>Cross\Utils</Filter>
    </ClInclude>
    <ClInclude Include="..\..\..\Sources\Utils\Texter.h">
      <Filter>Cross\Utils</Filter>
    </ClInclude>
    <ClInclude Include="..\..\..\Sources\Utils\Debuger.h">
      <Filter>Cross\Utils</Filter>
    </ClInclude>
    <ClInclude Include="..\..\..\Sources\Input.h">
      <Filter>Cross</Filter>
    </ClInclude>
    <ClInclude Include="..\..\..\Sources\Utils\Button.h">
      <Filter>Cross\Utils</Filter>
    </ClInclude>
    <ClInclude Include="..\..\..\Games\Demo\Sources\SecondScreen.h">
      <Filter>Demo</Filter>
    </ClInclude>
    <ClInclude Include="..\..\..\Sources\Utils\Animation.h">
      <Filter>Cross\Utils</Filter>
    </ClInclude>
    <ClInclude Include="..\..\..\Sources\Saver.h">
      <Filter>Cross</Filter>
    </ClInclude>
    <ClInclude Include="..\..\..\Sources\Sound.h">
      <Filter>Cross</Filter>
    </ClInclude>
    <ClInclude Include="..\..\..\Sources\Music.h">
      <Filter>Cross</Filter>
    </ClInclude>
    <ClInclude Include="..\..\..\Sources\Utils\ToggleButton.h">
      <Filter>Cross\Utils</Filter>
    </ClInclude>
    <ClInclude Include="Windows\AudioWIN.h">
      <Filter>Windows</Filter>
    </ClInclude>
  </ItemGroup>
  <ItemGroup>
    <Image Include="..\..\..\Games\Demo\Data\ButtonPressed.png">
      <Filter>Demo\Data</Filter>
    </Image>
    <Image Include="..\..\..\Games\Demo\Data\ButtonRelease.png">
      <Filter>Demo\Data</Filter>
    </Image>
    <Image Include="..\..\..\Games\Demo\Data\X128.png">
      <Filter>Demo\Data</Filter>
    </Image>
    <Image Include="..\..\..\Games\Demo\Data\X256.png">
      <Filter>Demo\Data</Filter>
    </Image>
    <Image Include="..\..\..\Games\Demo\Data\X512.png">
      <Filter>Demo\Data</Filter>
    </Image>
  </ItemGroup>
  <ItemGroup>
    <None Include="..\..\..\Games\Demo\Data\X++.psd">
      <Filter>Demo\Data</Filter>
    </None>
  </ItemGroup>
</Project>