// !$*UTF8*$!
{
	archiveVersion = 1;
	classes = {
	};
	objectVersion = 46;
	objects = {

/* Begin PBXBuildFile section */
		D41CFDA51AC2B4A300EB4EA3 /* Debuger.cpp in Sources */ = {isa = PBXBuildFile; fileRef = D41CFDA31AC2B4A300EB4EA3 /* Debuger.cpp */; };
		D445C5A61ABAF5220077193B /* Entitlements.plist in Resources */ = {isa = PBXBuildFile; fileRef = D445C5A51ABAF5220077193B /* Entitlements.plist */; };
		D480F0271AF78D8F00C452D6 /* AudioOS.cpp in Sources */ = {isa = PBXBuildFile; fileRef = D480F0261AF78D8F00C452D6 /* AudioOS.cpp */; };
		D480F0311AF7926F00C452D6 /* libfmodL_iphoneos.a in Frameworks */ = {isa = PBXBuildFile; fileRef = D480F02E1AF7926F00C452D6 /* libfmodL_iphoneos.a */; };
		D480F05D1AF795C500C452D6 /* AudioToolbox.framework in Frameworks */ = {isa = PBXBuildFile; fileRef = D480F05C1AF795C500C452D6 /* AudioToolbox.framework */; };
		D480F06D1AF7965A00C452D6 /* common_platform.mm in Sources */ = {isa = PBXBuildFile; fileRef = D480F0601AF7965A00C452D6 /* common_platform.mm */; };
		D480F06E1AF7965A00C452D6 /* common.cpp in Sources */ = {isa = PBXBuildFile; fileRef = D480F0611AF7965A00C452D6 /* common.cpp */; };
		D4AB38A51AD64D8500237794 /* Animation.cpp in Sources */ = {isa = PBXBuildFile; fileRef = D4AB38A31AD64D8500237794 /* Animation.cpp */; };
		D4B505D51ABC5980007A3F39 /* OpenGLES.framework in Frameworks */ = {isa = PBXBuildFile; fileRef = D4E1C2211ABAB7DE003F3A50 /* OpenGLES.framework */; };
		D4B505D61ABC598A007A3F39 /* GLKit.framework in Frameworks */ = {isa = PBXBuildFile; fileRef = D4DD2B661AB9D867004563BE /* GLKit.framework */; };
		D4CCCB781ABFE90300F90B6F /* Demo.cpp in Sources */ = {isa = PBXBuildFile; fileRef = D4CCCB741ABFE90300F90B6F /* Demo.cpp */; };
		D4CCCB881ABFE94B00F90B6F /* Image.cpp in Sources */ = {isa = PBXBuildFile; fileRef = D4CCCB861ABFE94B00F90B6F /* Image.cpp */; };
		D4D271DD1ABC51370056B8A1 /* MenuScreen.cpp in Sources */ = {isa = PBXBuildFile; fileRef = D4D271D91ABC51370056B8A1 /* MenuScreen.cpp */; };
		D4D271DE1ABC51370056B8A1 /* SnakyGame.cpp in Sources */ = {isa = PBXBuildFile; fileRef = D4D271DB1ABC51370056B8A1 /* SnakyGame.cpp */; };
		D4D271E81ABC53640056B8A1 /* Game.cpp in Sources */ = {isa = PBXBuildFile; fileRef = D4D271E01ABC53640056B8A1 /* Game.cpp */; };
		D4D271EA1ABC53640056B8A1 /* Screen.cpp in Sources */ = {isa = PBXBuildFile; fileRef = D4D271E51ABC53640056B8A1 /* Screen.cpp */; };
		D4D410691AD2D1BA009738A3 /* Button.cpp in Sources */ = {isa = PBXBuildFile; fileRef = D4D410671AD2D1BA009738A3 /* Button.cpp */; };
		D4D4106B1AD2D22D009738A3 /* Input.cpp in Sources */ = {isa = PBXBuildFile; fileRef = D4D4106A1AD2D22D009738A3 /* Input.cpp */; };
		D4D4106E1AD2D329009738A3 /* SecondScreen.cpp in Sources */ = {isa = PBXBuildFile; fileRef = D4D4106C1AD2D329009738A3 /* SecondScreen.cpp */; };
		D4D7DE691AF7767E003D044C /* MainScreen.cpp in Sources */ = {isa = PBXBuildFile; fileRef = D4D7DE681AF7767E003D044C /* MainScreen.cpp */; };
		D4D7DE6C1AF776C8003D044C /* ToggleButton.cpp in Sources */ = {isa = PBXBuildFile; fileRef = D4D7DE6A1AF776C8003D044C /* ToggleButton.cpp */; };
		D4D9D6B01AC1672B00DD836B /* image_helper.c in Sources */ = {isa = PBXBuildFile; fileRef = D4D9D6AA1AC1672B00DD836B /* image_helper.c */; };
		D4D9D6B11AC1672B00DD836B /* SOIL.c in Sources */ = {isa = PBXBuildFile; fileRef = D4D9D6AC1AC1672B00DD836B /* SOIL.c */; };
		D4D9D6B21AC1672B00DD836B /* stb_image_aug.c in Sources */ = {isa = PBXBuildFile; fileRef = D4D9D6AE1AC1672B00DD836B /* stb_image_aug.c */; };
		D4D9D6B91AC1673F00DD836B /* PointX.cpp in Sources */ = {isa = PBXBuildFile; fileRef = D4D9D6B31AC1673F00DD836B /* PointX.cpp */; };
		D4D9D6BA1AC1673F00DD836B /* RectX.cpp in Sources */ = {isa = PBXBuildFile; fileRef = D4D9D6B51AC1673F00DD836B /* RectX.cpp */; };
		D4D9D6BB1AC1673F00DD836B /* Texter.cpp in Sources */ = {isa = PBXBuildFile; fileRef = D4D9D6B71AC1673F00DD836B /* Texter.cpp */; };
		D4DD2B351AB9D024004563BE /* main.m in Sources */ = {isa = PBXBuildFile; fileRef = D4DD2B341AB9D024004563BE /* main.m */; };
		D4DD2B381AB9D024004563BE /* AppDelegate.m in Sources */ = {isa = PBXBuildFile; fileRef = D4DD2B371AB9D024004563BE /* AppDelegate.m */; };
		D4DD2B3E1AB9D024004563BE /* Main.storyboard in Resources */ = {isa = PBXBuildFile; fileRef = D4DD2B3C1AB9D024004563BE /* Main.storyboard */; };
		D4DD2B401AB9D024004563BE /* Images.xcassets in Resources */ = {isa = PBXBuildFile; fileRef = D4DD2B3F1AB9D024004563BE /* Images.xcassets */; };
		D4DD2B4F1AB9D024004563BE /* iOSTests.m in Sources */ = {isa = PBXBuildFile; fileRef = D4DD2B4E1AB9D024004563BE /* iOSTests.m */; };
		D4DD2B5D1AB9D0F8004563BE /* GLRenderView.mm in Sources */ = {isa = PBXBuildFile; fileRef = D4DD2B5C1AB9D0F8004563BE /* GLRenderView.mm */; };
		D4DD2B5F1AB9D1BF004563BE /* Default-568h@2x.png in Resources */ = {isa = PBXBuildFile; fileRef = D4DD2B5E1AB9D1BF004563BE /* Default-568h@2x.png */; };
		D4DD2B621AB9D28C004563BE /* Graphics.cpp in Sources */ = {isa = PBXBuildFile; fileRef = D4DD2B601AB9D28C004563BE /* Graphics.cpp */; };
		D4DD6D451AF780340030054C /* LauncherOS.mm in Sources */ = {isa = PBXBuildFile; fileRef = D4DD6D441AF780340030054C /* LauncherOS.mm */; };
		D4DD6D481AF7808E0030054C /* Saver.cpp in Sources */ = {isa = PBXBuildFile; fileRef = D4DD6D461AF7808E0030054C /* Saver.cpp */; };
		D4DD6D631AF780AA0030054C /* Background.jpg in Resources */ = {isa = PBXBuildFile; fileRef = D4DD6D4A1AF780AA0030054C /* Background.jpg */; };
		D4DD6D641AF780AA0030054C /* Eskimo.mp3 in Resources */ = {isa = PBXBuildFile; fileRef = D4DD6D4B1AF780AA0030054C /* Eskimo.mp3 */; };
		D4DD6D651AF780AA0030054C /* Font.png in Resources */ = {isa = PBXBuildFile; fileRef = D4DD6D4C1AF780AA0030054C /* Font.png */; };
		D4DD6D661AF780AA0030054C /* Jaguar.wav in Resources */ = {isa = PBXBuildFile; fileRef = D4DD6D4D1AF780AA0030054C /* Jaguar.wav */; };
		D4DD6D671AF780AA0030054C /* MusicOff.png in Resources */ = {isa = PBXBuildFile; fileRef = D4DD6D4E1AF780AA0030054C /* MusicOff.png */; };
		D4DD6D681AF780AA0030054C /* MusicOn.png in Resources */ = {isa = PBXBuildFile; fileRef = D4DD6D4F1AF780AA0030054C /* MusicOn.png */; };
		D4DD6D691AF780AA0030054C /* SoundButtonBlue.png in Resources */ = {isa = PBXBuildFile; fileRef = D4DD6D501AF780AA0030054C /* SoundButtonBlue.png */; };
		D4DD6D6A1AF780AA0030054C /* SoundButtonGray.png in Resources */ = {isa = PBXBuildFile; fileRef = D4DD6D511AF780AA0030054C /* SoundButtonGray.png */; };
		D4DD6D6B1AF780AA0030054C /* SoundButtonYellow.png in Resources */ = {isa = PBXBuildFile; fileRef = D4DD6D521AF780AA0030054C /* SoundButtonYellow.png */; };
		D4DD6D6C1AF780AA0030054C /* 00.png in Resources */ = {isa = PBXBuildFile; fileRef = D4DD6D541AF780AA0030054C /* 00.png */; };
		D4DD6D6D1AF780AA0030054C /* 01.png in Resources */ = {isa = PBXBuildFile; fileRef = D4DD6D551AF780AA0030054C /* 01.png */; };
		D4DD6D6E1AF780AA0030054C /* 02.png in Resources */ = {isa = PBXBuildFile; fileRef = D4DD6D561AF780AA0030054C /* 02.png */; };
		D4DD6D6F1AF780AA0030054C /* 03.png in Resources */ = {isa = PBXBuildFile; fileRef = D4DD6D571AF780AA0030054C /* 03.png */; };
		D4DD6D701AF780AA0030054C /* 04.png in Resources */ = {isa = PBXBuildFile; fileRef = D4DD6D581AF780AA0030054C /* 04.png */; };
		D4DD6D711AF780AA0030054C /* 05.png in Resources */ = {isa = PBXBuildFile; fileRef = D4DD6D591AF780AA0030054C /* 05.png */; };
		D4DD6D721AF780AA0030054C /* 06.png in Resources */ = {isa = PBXBuildFile; fileRef = D4DD6D5A1AF780AA0030054C /* 06.png */; };
		D4DD6D731AF780AA0030054C /* 07.png in Resources */ = {isa = PBXBuildFile; fileRef = D4DD6D5B1AF780AA0030054C /* 07.png */; };
		D4DD6D741AF780AA0030054C /* Body.png in Resources */ = {isa = PBXBuildFile; fileRef = D4DD6D5C1AF780AA0030054C /* Body.png */; };
		D4DD6D751AF780AA0030054C /* Head.png in Resources */ = {isa = PBXBuildFile; fileRef = D4DD6D5D1AF780AA0030054C /* Head.png */; };
		D4DD6D761AF780AA0030054C /* SpiderRun.wav in Resources */ = {isa = PBXBuildFile; fileRef = D4DD6D5E1AF780AA0030054C /* SpiderRun.wav */; };
		D4DD6D771AF780AA0030054C /* StartButtonDown.png in Resources */ = {isa = PBXBuildFile; fileRef = D4DD6D5F1AF780AA0030054C /* StartButtonDown.png */; };
		D4DD6D781AF780AA0030054C /* StartButtonUp.png in Resources */ = {isa = PBXBuildFile; fileRef = D4DD6D601AF780AA0030054C /* StartButtonUp.png */; };
		D4DD6D791AF780AA0030054C /* Truck.wav in Resources */ = {isa = PBXBuildFile; fileRef = D4DD6D611AF780AA0030054C /* Truck.wav */; };
		D4DD6D7A1AF780AA0030054C /* X256.png in Resources */ = {isa = PBXBuildFile; fileRef = D4DD6D621AF780AA0030054C /* X256.png */; };
/* End PBXBuildFile section */

/* Begin PBXContainerItemProxy section */
		D4DD2B491AB9D024004563BE /* PBXContainerItemProxy */ = {
			isa = PBXContainerItemProxy;
			containerPortal = D4DD2B271AB9D023004563BE /* Project object */;
			proxyType = 1;
			remoteGlobalIDString = D4DD2B2E1AB9D024004563BE;
			remoteInfo = iOS;
		};
/* End PBXContainerItemProxy section */

/* Begin PBXFileReference section */
		D41CFDA31AC2B4A300EB4EA3 /* Debuger.cpp */ = {isa = PBXFileReference; fileEncoding = 4; lastKnownFileType = sourcecode.cpp.cpp; path = Debuger.cpp; sourceTree = "<group>"; };
		D41CFDA41AC2B4A300EB4EA3 /* Debuger.h */ = {isa = PBXFileReference; fileEncoding = 4; lastKnownFileType = sourcecode.c.h; path = Debuger.h; sourceTree = "<group>"; };
		D445C5A51ABAF5220077193B /* Entitlements.plist */ = {isa = PBXFileReference; fileEncoding = 4; lastKnownFileType = text.plist.xml; path = Entitlements.plist; sourceTree = "<group>"; };
		D480F0251AF78D6100C452D6 /* AudioOS.h */ = {isa = PBXFileReference; lastKnownFileType = sourcecode.c.h; path = AudioOS.h; sourceTree = "<group>"; };
		D480F0261AF78D8F00C452D6 /* AudioOS.cpp */ = {isa = PBXFileReference; fileEncoding = 4; lastKnownFileType = sourcecode.cpp.cpp; path = AudioOS.cpp; sourceTree = "<group>"; };
		D480F02E1AF7926F00C452D6 /* libfmodL_iphoneos.a */ = {isa = PBXFileReference; lastKnownFileType = archive.ar; path = libfmodL_iphoneos.a; sourceTree = "<group>"; };
		D480F05C1AF795C500C452D6 /* AudioToolbox.framework */ = {isa = PBXFileReference; lastKnownFileType = wrapper.framework; name = AudioToolbox.framework; path = System/Library/Frameworks/AudioToolbox.framework; sourceTree = SDKROOT; };
		D480F05F1AF7965A00C452D6 /* common_platform.h */ = {isa = PBXFileReference; fileEncoding = 4; lastKnownFileType = sourcecode.c.h; path = common_platform.h; sourceTree = "<group>"; };
		D480F0601AF7965A00C452D6 /* common_platform.mm */ = {isa = PBXFileReference; fileEncoding = 4; lastKnownFileType = sourcecode.cpp.objcpp; path = common_platform.mm; sourceTree = "<group>"; };
		D480F0611AF7965A00C452D6 /* common.cpp */ = {isa = PBXFileReference; fileEncoding = 4; lastKnownFileType = sourcecode.cpp.cpp; path = common.cpp; sourceTree = "<group>"; };
		D480F0621AF7965A00C452D6 /* common.h */ = {isa = PBXFileReference; fileEncoding = 4; lastKnownFileType = sourcecode.c.h; path = common.h; sourceTree = "<group>"; };
		D480F0631AF7965A00C452D6 /* fmod_codec.h */ = {isa = PBXFileReference; fileEncoding = 4; lastKnownFileType = sourcecode.c.h; path = fmod_codec.h; sourceTree = "<group>"; };
		D480F0641AF7965A00C452D6 /* fmod_common.h */ = {isa = PBXFileReference; fileEncoding = 4; lastKnownFileType = sourcecode.c.h; path = fmod_common.h; sourceTree = "<group>"; };
		D480F0651AF7965A00C452D6 /* fmod_dsp_effects.h */ = {isa = PBXFileReference; fileEncoding = 4; lastKnownFileType = sourcecode.c.h; path = fmod_dsp_effects.h; sourceTree = "<group>"; };
		D480F0661AF7965A00C452D6 /* fmod_dsp.h */ = {isa = PBXFileReference; fileEncoding = 4; lastKnownFileType = sourcecode.c.h; path = fmod_dsp.h; sourceTree = "<group>"; };
		D480F0671AF7965A00C452D6 /* fmod_errors.h */ = {isa = PBXFileReference; fileEncoding = 4; lastKnownFileType = sourcecode.c.h; path = fmod_errors.h; sourceTree = "<group>"; };
		D480F0681AF7965A00C452D6 /* fmod_ios.h */ = {isa = PBXFileReference; fileEncoding = 4; lastKnownFileType = sourcecode.c.h; path = fmod_ios.h; sourceTree = "<group>"; };
		D480F0691AF7965A00C452D6 /* fmod_output.h */ = {isa = PBXFileReference; fileEncoding = 4; lastKnownFileType = sourcecode.c.h; path = fmod_output.h; sourceTree = "<group>"; };
		D480F06A1AF7965A00C452D6 /* fmod.h */ = {isa = PBXFileReference; fileEncoding = 4; lastKnownFileType = sourcecode.c.h; path = fmod.h; sourceTree = "<group>"; };
		D480F06B1AF7965A00C452D6 /* fmod.hpp */ = {isa = PBXFileReference; fileEncoding = 4; lastKnownFileType = sourcecode.cpp.h; path = fmod.hpp; sourceTree = "<group>"; };
		D4AB38A31AD64D8500237794 /* Animation.cpp */ = {isa = PBXFileReference; fileEncoding = 4; lastKnownFileType = sourcecode.cpp.cpp; path = Animation.cpp; sourceTree = "<group>"; };
		D4AB38A41AD64D8500237794 /* Animation.h */ = {isa = PBXFileReference; fileEncoding = 4; lastKnownFileType = sourcecode.c.h; path = Animation.h; sourceTree = "<group>"; };
		D4BA7A3C1ACE72BE00F52C9C /* Input.h */ = {isa = PBXFileReference; lastKnownFileType = sourcecode.c.h; name = Input.h; path = ../../Sources/Input.h; sourceTree = "<group>"; };
		D4CCCB741ABFE90300F90B6F /* Demo.cpp */ = {isa = PBXFileReference; fileEncoding = 4; lastKnownFileType = sourcecode.cpp.cpp; name = Demo.cpp; path = ../../Games/Demo/Sources/Demo.cpp; sourceTree = "<group>"; };
		D4CCCB751ABFE90300F90B6F /* Demo.h */ = {isa = PBXFileReference; fileEncoding = 4; lastKnownFileType = sourcecode.c.h; name = Demo.h; path = ../../Games/Demo/Sources/Demo.h; sourceTree = "<group>"; };
		D4CCCB771ABFE90300F90B6F /* MainScreen.h */ = {isa = PBXFileReference; fileEncoding = 4; lastKnownFileType = sourcecode.c.h; name = MainScreen.h; path = ../../Games/Demo/Sources/MainScreen.h; sourceTree = "<group>"; };
		D4CCCB861ABFE94B00F90B6F /* Image.cpp */ = {isa = PBXFileReference; fileEncoding = 4; lastKnownFileType = sourcecode.cpp.cpp; name = Image.cpp; path = ../../Sources/Image.cpp; sourceTree = "<group>"; };
		D4CCCB871ABFE94B00F90B6F /* Image.h */ = {isa = PBXFileReference; fileEncoding = 4; lastKnownFileType = sourcecode.c.h; name = Image.h; path = ../../Sources/Image.h; sourceTree = "<group>"; };
		D4D271D91ABC51370056B8A1 /* MenuScreen.cpp */ = {isa = PBXFileReference; fileEncoding = 4; lastKnownFileType = sourcecode.cpp.cpp; path = MenuScreen.cpp; sourceTree = "<group>"; };
		D4D271DA1ABC51370056B8A1 /* MenuScreen.h */ = {isa = PBXFileReference; fileEncoding = 4; lastKnownFileType = sourcecode.c.h; path = MenuScreen.h; sourceTree = "<group>"; };
		D4D271DB1ABC51370056B8A1 /* SnakyGame.cpp */ = {isa = PBXFileReference; fileEncoding = 4; lastKnownFileType = sourcecode.cpp.cpp; path = SnakyGame.cpp; sourceTree = "<group>"; };
		D4D271DC1ABC51370056B8A1 /* SnakyGame.h */ = {isa = PBXFileReference; fileEncoding = 4; lastKnownFileType = sourcecode.c.h; path = SnakyGame.h; sourceTree = "<group>"; };
		D4D271E01ABC53640056B8A1 /* Game.cpp */ = {isa = PBXFileReference; fileEncoding = 4; lastKnownFileType = sourcecode.cpp.cpp; name = Game.cpp; path = ../../Sources/Game.cpp; sourceTree = "<group>"; };
		D4D271E11ABC53640056B8A1 /* Game.h */ = {isa = PBXFileReference; fileEncoding = 4; lastKnownFileType = sourcecode.c.h; name = Game.h; path = ../../Sources/Game.h; sourceTree = "<group>"; };
		D4D271E51ABC53640056B8A1 /* Screen.cpp */ = {isa = PBXFileReference; fileEncoding = 4; lastKnownFileType = sourcecode.cpp.cpp; name = Screen.cpp; path = ../../Sources/Screen.cpp; sourceTree = "<group>"; };
		D4D271E61ABC53640056B8A1 /* Screen.h */ = {isa = PBXFileReference; fileEncoding = 4; lastKnownFileType = sourcecode.c.h; name = Screen.h; path = ../../Sources/Screen.h; sourceTree = "<group>"; };
		D4D410671AD2D1BA009738A3 /* Button.cpp */ = {isa = PBXFileReference; fileEncoding = 4; lastKnownFileType = sourcecode.cpp.cpp; path = Button.cpp; sourceTree = "<group>"; };
		D4D410681AD2D1BA009738A3 /* Button.h */ = {isa = PBXFileReference; fileEncoding = 4; lastKnownFileType = sourcecode.c.h; path = Button.h; sourceTree = "<group>"; };
		D4D4106A1AD2D22D009738A3 /* Input.cpp */ = {isa = PBXFileReference; fileEncoding = 4; lastKnownFileType = sourcecode.cpp.cpp; name = Input.cpp; path = ../../Sources/Input.cpp; sourceTree = "<group>"; };
		D4D4106C1AD2D329009738A3 /* SecondScreen.cpp */ = {isa = PBXFileReference; fileEncoding = 4; lastKnownFileType = sourcecode.cpp.cpp; name = SecondScreen.cpp; path = ../../Games/Demo/Sources/SecondScreen.cpp; sourceTree = "<group>"; };
		D4D4106D1AD2D329009738A3 /* SecondScreen.h */ = {isa = PBXFileReference; fileEncoding = 4; lastKnownFileType = sourcecode.c.h; name = SecondScreen.h; path = ../../Games/Demo/Sources/SecondScreen.h; sourceTree = "<group>"; };
		D4D7DE681AF7767E003D044C /* MainScreen.cpp */ = {isa = PBXFileReference; fileEncoding = 4; lastKnownFileType = sourcecode.cpp.cpp; name = MainScreen.cpp; path = ../../Games/Demo/Sources/MainScreen.cpp; sourceTree = "<group>"; };
		D4D7DE6A1AF776C8003D044C /* ToggleButton.cpp */ = {isa = PBXFileReference; fileEncoding = 4; lastKnownFileType = sourcecode.cpp.cpp; path = ToggleButton.cpp; sourceTree = "<group>"; };
		D4D7DE6B1AF776C8003D044C /* ToggleButton.h */ = {isa = PBXFileReference; fileEncoding = 4; lastKnownFileType = sourcecode.c.h; path = ToggleButton.h; sourceTree = "<group>"; };
		D4D7DE6D1AF776E2003D044C /* Music.h */ = {isa = PBXFileReference; lastKnownFileType = sourcecode.c.h; name = Music.h; path = ../../Sources/Music.h; sourceTree = "<group>"; };
		D4D7DE6E1AF776E2003D044C /* Sound.h */ = {isa = PBXFileReference; lastKnownFileType = sourcecode.c.h; name = Sound.h; path = ../../Sources/Sound.h; sourceTree = "<group>"; };
		D4D9D6AA1AC1672B00DD836B /* image_helper.c */ = {isa = PBXFileReference; fileEncoding = 4; lastKnownFileType = sourcecode.c.c; path = image_helper.c; sourceTree = "<group>"; };
		D4D9D6AB1AC1672B00DD836B /* image_helper.h */ = {isa = PBXFileReference; fileEncoding = 4; lastKnownFileType = sourcecode.c.h; path = image_helper.h; sourceTree = "<group>"; };
		D4D9D6AC1AC1672B00DD836B /* SOIL.c */ = {isa = PBXFileReference; fileEncoding = 4; lastKnownFileType = sourcecode.c.c; path = SOIL.c; sourceTree = "<group>"; };
		D4D9D6AD1AC1672B00DD836B /* SOIL.h */ = {isa = PBXFileReference; fileEncoding = 4; lastKnownFileType = sourcecode.c.h; path = SOIL.h; sourceTree = "<group>"; };
		D4D9D6AE1AC1672B00DD836B /* stb_image_aug.c */ = {isa = PBXFileReference; fileEncoding = 4; lastKnownFileType = sourcecode.c.c; path = stb_image_aug.c; sourceTree = "<group>"; };
		D4D9D6AF1AC1672B00DD836B /* stb_image_aug.h */ = {isa = PBXFileReference; fileEncoding = 4; lastKnownFileType = sourcecode.c.h; path = stb_image_aug.h; sourceTree = "<group>"; };
		D4D9D6B31AC1673F00DD836B /* PointX.cpp */ = {isa = PBXFileReference; fileEncoding = 4; lastKnownFileType = sourcecode.cpp.cpp; path = PointX.cpp; sourceTree = "<group>"; };
		D4D9D6B41AC1673F00DD836B /* PointX.h */ = {isa = PBXFileReference; fileEncoding = 4; lastKnownFileType = sourcecode.c.h; path = PointX.h; sourceTree = "<group>"; };
		D4D9D6B51AC1673F00DD836B /* RectX.cpp */ = {isa = PBXFileReference; fileEncoding = 4; lastKnownFileType = sourcecode.cpp.cpp; path = RectX.cpp; sourceTree = "<group>"; };
		D4D9D6B61AC1673F00DD836B /* RectX.h */ = {isa = PBXFileReference; fileEncoding = 4; lastKnownFileType = sourcecode.c.h; path = RectX.h; sourceTree = "<group>"; };
		D4D9D6B71AC1673F00DD836B /* Texter.cpp */ = {isa = PBXFileReference; fileEncoding = 4; lastKnownFileType = sourcecode.cpp.cpp; path = Texter.cpp; sourceTree = "<group>"; };
		D4D9D6B81AC1673F00DD836B /* Texter.h */ = {isa = PBXFileReference; fileEncoding = 4; lastKnownFileType = sourcecode.c.h; path = Texter.h; sourceTree = "<group>"; };
		D4DD2B2F1AB9D024004563BE /* Cross++.app */ = {isa = PBXFileReference; explicitFileType = wrapper.application; includeInIndex = 0; path = "Cross++.app"; sourceTree = BUILT_PRODUCTS_DIR; };
		D4DD2B331AB9D024004563BE /* Info.plist */ = {isa = PBXFileReference; lastKnownFileType = text.plist.xml; path = Info.plist; sourceTree = "<group>"; };
		D4DD2B341AB9D024004563BE /* main.m */ = {isa = PBXFileReference; lastKnownFileType = sourcecode.c.objc; path = main.m; sourceTree = "<group>"; };
		D4DD2B361AB9D024004563BE /* AppDelegate.h */ = {isa = PBXFileReference; lastKnownFileType = sourcecode.c.h; path = AppDelegate.h; sourceTree = "<group>"; };
		D4DD2B371AB9D024004563BE /* AppDelegate.m */ = {isa = PBXFileReference; lastKnownFileType = sourcecode.c.objc; path = AppDelegate.m; sourceTree = "<group>"; };
		D4DD2B3D1AB9D024004563BE /* Base */ = {isa = PBXFileReference; lastKnownFileType = file.storyboard; name = Base; path = Base.lproj/Main.storyboard; sourceTree = "<group>"; };
		D4DD2B3F1AB9D024004563BE /* Images.xcassets */ = {isa = PBXFileReference; lastKnownFileType = folder.assetcatalog; path = Images.xcassets; sourceTree = "<group>"; };
		D4DD2B481AB9D024004563BE /* iOSTests.xctest */ = {isa = PBXFileReference; explicitFileType = wrapper.cfbundle; includeInIndex = 0; path = iOSTests.xctest; sourceTree = BUILT_PRODUCTS_DIR; };
		D4DD2B4D1AB9D024004563BE /* Info.plist */ = {isa = PBXFileReference; lastKnownFileType = text.plist.xml; path = Info.plist; sourceTree = "<group>"; };
		D4DD2B4E1AB9D024004563BE /* iOSTests.m */ = {isa = PBXFileReference; lastKnownFileType = sourcecode.c.objc; path = iOSTests.m; sourceTree = "<group>"; };
		D4DD2B5B1AB9D0F8004563BE /* GLRenderView.h */ = {isa = PBXFileReference; fileEncoding = 4; lastKnownFileType = sourcecode.c.h; path = GLRenderView.h; sourceTree = "<group>"; };
		D4DD2B5C1AB9D0F8004563BE /* GLRenderView.mm */ = {isa = PBXFileReference; fileEncoding = 4; lastKnownFileType = sourcecode.cpp.objcpp; path = GLRenderView.mm; sourceTree = "<group>"; };
		D4DD2B5E1AB9D1BF004563BE /* Default-568h@2x.png */ = {isa = PBXFileReference; lastKnownFileType = image.png; path = "Default-568h@2x.png"; sourceTree = "<group>"; };
		D4DD2B601AB9D28C004563BE /* Graphics.cpp */ = {isa = PBXFileReference; fileEncoding = 4; lastKnownFileType = sourcecode.cpp.cpp; name = Graphics.cpp; path = ../../Sources/Graphics.cpp; sourceTree = "<group>"; };
		D4DD2B611AB9D28C004563BE /* Graphics.h */ = {isa = PBXFileReference; fileEncoding = 4; lastKnownFileType = sourcecode.c.h; name = Graphics.h; path = ../../Sources/Graphics.h; sourceTree = "<group>"; };
		D4DD2B661AB9D867004563BE /* GLKit.framework */ = {isa = PBXFileReference; lastKnownFileType = wrapper.framework; name = GLKit.framework; path = System/Library/Frameworks/GLKit.framework; sourceTree = SDKROOT; };
		D4DD6D431AF780340030054C /* LauncherOS.h */ = {isa = PBXFileReference; fileEncoding = 4; lastKnownFileType = sourcecode.c.h; path = LauncherOS.h; sourceTree = "<group>"; };
		D4DD6D441AF780340030054C /* LauncherOS.mm */ = {isa = PBXFileReference; fileEncoding = 4; lastKnownFileType = sourcecode.cpp.objcpp; path = LauncherOS.mm; sourceTree = "<group>"; };
		D4DD6D461AF7808E0030054C /* Saver.cpp */ = {isa = PBXFileReference; fileEncoding = 4; lastKnownFileType = sourcecode.cpp.cpp; name = Saver.cpp; path = ../../Sources/Saver.cpp; sourceTree = "<group>"; };
		D4DD6D471AF7808E0030054C /* Saver.h */ = {isa = PBXFileReference; fileEncoding = 4; lastKnownFileType = sourcecode.c.h; name = Saver.h; path = ../../Sources/Saver.h; sourceTree = "<group>"; };
		D4DD6D4A1AF780AA0030054C /* Background.jpg */ = {isa = PBXFileReference; lastKnownFileType = image.jpeg; path = Background.jpg; sourceTree = "<group>"; };
		D4DD6D4B1AF780AA0030054C /* Eskimo.mp3 */ = {isa = PBXFileReference; lastKnownFileType = audio.mp3; path = Eskimo.mp3; sourceTree = "<group>"; };
		D4DD6D4C1AF780AA0030054C /* Font.png */ = {isa = PBXFileReference; lastKnownFileType = image.png; path = Font.png; sourceTree = "<group>"; };
		D4DD6D4D1AF780AA0030054C /* Jaguar.wav */ = {isa = PBXFileReference; lastKnownFileType = audio.wav; path = Jaguar.wav; sourceTree = "<group>"; };
		D4DD6D4E1AF780AA0030054C /* MusicOff.png */ = {isa = PBXFileReference; lastKnownFileType = image.png; path = MusicOff.png; sourceTree = "<group>"; };
		D4DD6D4F1AF780AA0030054C /* MusicOn.png */ = {isa = PBXFileReference; lastKnownFileType = image.png; path = MusicOn.png; sourceTree = "<group>"; };
		D4DD6D501AF780AA0030054C /* SoundButtonBlue.png */ = {isa = PBXFileReference; lastKnownFileType = image.png; path = SoundButtonBlue.png; sourceTree = "<group>"; };
		D4DD6D511AF780AA0030054C /* SoundButtonGray.png */ = {isa = PBXFileReference; lastKnownFileType = image.png; path = SoundButtonGray.png; sourceTree = "<group>"; };
		D4DD6D521AF780AA0030054C /* SoundButtonYellow.png */ = {isa = PBXFileReference; lastKnownFileType = image.png; path = SoundButtonYellow.png; sourceTree = "<group>"; };
		D4DD6D541AF780AA0030054C /* 00.png */ = {isa = PBXFileReference; lastKnownFileType = image.png; path = 00.png; sourceTree = "<group>"; };
		D4DD6D551AF780AA0030054C /* 01.png */ = {isa = PBXFileReference; lastKnownFileType = image.png; path = 01.png; sourceTree = "<group>"; };
		D4DD6D561AF780AA0030054C /* 02.png */ = {isa = PBXFileReference; lastKnownFileType = image.png; path = 02.png; sourceTree = "<group>"; };
		D4DD6D571AF780AA0030054C /* 03.png */ = {isa = PBXFileReference; lastKnownFileType = image.png; path = 03.png; sourceTree = "<group>"; };
		D4DD6D581AF780AA0030054C /* 04.png */ = {isa = PBXFileReference; lastKnownFileType = image.png; path = 04.png; sourceTree = "<group>"; };
		D4DD6D591AF780AA0030054C /* 05.png */ = {isa = PBXFileReference; lastKnownFileType = image.png; path = 05.png; sourceTree = "<group>"; };
		D4DD6D5A1AF780AA0030054C /* 06.png */ = {isa = PBXFileReference; lastKnownFileType = image.png; path = 06.png; sourceTree = "<group>"; };
		D4DD6D5B1AF780AA0030054C /* 07.png */ = {isa = PBXFileReference; lastKnownFileType = image.png; path = 07.png; sourceTree = "<group>"; };
		D4DD6D5C1AF780AA0030054C /* Body.png */ = {isa = PBXFileReference; lastKnownFileType = image.png; path = Body.png; sourceTree = "<group>"; };
		D4DD6D5D1AF780AA0030054C /* Head.png */ = {isa = PBXFileReference; lastKnownFileType = image.png; path = Head.png; sourceTree = "<group>"; };
		D4DD6D5E1AF780AA0030054C /* SpiderRun.wav */ = {isa = PBXFileReference; lastKnownFileType = audio.wav; path = SpiderRun.wav; sourceTree = "<group>"; };
		D4DD6D5F1AF780AA0030054C /* StartButtonDown.png */ = {isa = PBXFileReference; lastKnownFileType = image.png; path = StartButtonDown.png; sourceTree = "<group>"; };
		D4DD6D601AF780AA0030054C /* StartButtonUp.png */ = {isa = PBXFileReference; lastKnownFileType = image.png; path = StartButtonUp.png; sourceTree = "<group>"; };
		D4DD6D611AF780AA0030054C /* Truck.wav */ = {isa = PBXFileReference; lastKnownFileType = audio.wav; path = Truck.wav; sourceTree = "<group>"; };
		D4DD6D621AF780AA0030054C /* X256.png */ = {isa = PBXFileReference; lastKnownFileType = image.png; path = X256.png; sourceTree = "<group>"; };
		D4E1C2201ABAB750003F3A50 /* Launcher.h */ = {isa = PBXFileReference; lastKnownFileType = sourcecode.c.h; name = Launcher.h; path = ../../Sources/Launcher.h; sourceTree = "<group>"; };
		D4E1C2211ABAB7DE003F3A50 /* OpenGLES.framework */ = {isa = PBXFileReference; lastKnownFileType = wrapper.framework; name = OpenGLES.framework; path = System/Library/Frameworks/OpenGLES.framework; sourceTree = SDKROOT; };
/* End PBXFileReference section */

/* Begin PBXFrameworksBuildPhase section */
		D4DD2B2C1AB9D024004563BE /* Frameworks */ = {
			isa = PBXFrameworksBuildPhase;
			buildActionMask = 2147483647;
			files = (
				D480F05D1AF795C500C452D6 /* AudioToolbox.framework in Frameworks */,
				D4B505D61ABC598A007A3F39 /* GLKit.framework in Frameworks */,
				D480F0311AF7926F00C452D6 /* libfmodL_iphoneos.a in Frameworks */,
				D4B505D51ABC5980007A3F39 /* OpenGLES.framework in Frameworks */,
			);
			runOnlyForDeploymentPostprocessing = 0;
		};
		D4DD2B451AB9D024004563BE /* Frameworks */ = {
			isa = PBXFrameworksBuildPhase;
			buildActionMask = 2147483647;
			files = (
			);
			runOnlyForDeploymentPostprocessing = 0;
		};
/* End PBXFrameworksBuildPhase section */

/* Begin PBXGroup section */
		D480F0151AF78C9400C452D6 /* FMOD */ = {
			isa = PBXGroup;
			children = (
				D480F05F1AF7965A00C452D6 /* common_platform.h */,
				D480F0601AF7965A00C452D6 /* common_platform.mm */,
				D480F0611AF7965A00C452D6 /* common.cpp */,
				D480F0621AF7965A00C452D6 /* common.h */,
				D480F0631AF7965A00C452D6 /* fmod_codec.h */,
				D480F0641AF7965A00C452D6 /* fmod_common.h */,
				D480F0651AF7965A00C452D6 /* fmod_dsp_effects.h */,
				D480F0661AF7965A00C452D6 /* fmod_dsp.h */,
				D480F0671AF7965A00C452D6 /* fmod_errors.h */,
				D480F0681AF7965A00C452D6 /* fmod_ios.h */,
				D480F0691AF7965A00C452D6 /* fmod_output.h */,
				D480F06A1AF7965A00C452D6 /* fmod.h */,
				D480F06B1AF7965A00C452D6 /* fmod.hpp */,
			);
			path = FMOD;
			sourceTree = "<group>";
		};
		D4CCCB711ABFE8DF00F90B6F /* Demo */ = {
			isa = PBXGroup;
			children = (
				D4DD6D491AF780AA0030054C /* Assets */,
				D4CCCB721ABFE8E600F90B6F /* Sources */,
			);
			name = Demo;
			sourceTree = "<group>";
		};
		D4CCCB721ABFE8E600F90B6F /* Sources */ = {
			isa = PBXGroup;
			children = (
				D4D4106C1AD2D329009738A3 /* SecondScreen.cpp */,
				D4D4106D1AD2D329009738A3 /* SecondScreen.h */,
				D4CCCB741ABFE90300F90B6F /* Demo.cpp */,
				D4CCCB751ABFE90300F90B6F /* Demo.h */,
				D4D7DE681AF7767E003D044C /* MainScreen.cpp */,
				D4CCCB771ABFE90300F90B6F /* MainScreen.h */,
			);
			name = Sources;
			sourceTree = "<group>";
		};
		D4CCCB891ABFE95100F90B6F /* SOIL */ = {
			isa = PBXGroup;
			children = (
				D4D9D6AA1AC1672B00DD836B /* image_helper.c */,
				D4D9D6AB1AC1672B00DD836B /* image_helper.h */,
				D4D9D6AC1AC1672B00DD836B /* SOIL.c */,
				D4D9D6AD1AC1672B00DD836B /* SOIL.h */,
				D4D9D6AE1AC1672B00DD836B /* stb_image_aug.c */,
				D4D9D6AF1AC1672B00DD836B /* stb_image_aug.h */,
			);
			name = SOIL;
			path = ../../Sources/SOIL;
			sourceTree = "<group>";
		};
		D4CCCB941ABFE95100F90B6F /* Utils */ = {
			isa = PBXGroup;
			children = (
				D4D7DE6A1AF776C8003D044C /* ToggleButton.cpp */,
				D4D7DE6B1AF776C8003D044C /* ToggleButton.h */,
				D4AB38A31AD64D8500237794 /* Animation.cpp */,
				D4AB38A41AD64D8500237794 /* Animation.h */,
				D4D410671AD2D1BA009738A3 /* Button.cpp */,
				D4D410681AD2D1BA009738A3 /* Button.h */,
				D41CFDA31AC2B4A300EB4EA3 /* Debuger.cpp */,
				D41CFDA41AC2B4A300EB4EA3 /* Debuger.h */,
				D4D9D6B31AC1673F00DD836B /* PointX.cpp */,
				D4D9D6B41AC1673F00DD836B /* PointX.h */,
				D4D9D6B51AC1673F00DD836B /* RectX.cpp */,
				D4D9D6B61AC1673F00DD836B /* RectX.h */,
				D4D9D6B71AC1673F00DD836B /* Texter.cpp */,
				D4D9D6B81AC1673F00DD836B /* Texter.h */,
			);
			name = Utils;
			path = ../../Sources/Utils;
			sourceTree = "<group>";
		};
		D4D271D81ABC51370056B8A1 /* Snaky */ = {
			isa = PBXGroup;
			children = (
				D4D271D91ABC51370056B8A1 /* MenuScreen.cpp */,
				D4D271DA1ABC51370056B8A1 /* MenuScreen.h */,
				D4D271DB1ABC51370056B8A1 /* SnakyGame.cpp */,
				D4D271DC1ABC51370056B8A1 /* SnakyGame.h */,
			);
			name = Snaky;
			path = ../../Games/Snaky/Sources;
			sourceTree = "<group>";
		};
		D4DD2B261AB9D023004563BE = {
			isa = PBXGroup;
			children = (
				D480F05C1AF795C500C452D6 /* AudioToolbox.framework */,
				D480F0151AF78C9400C452D6 /* FMOD */,
				D4CCCB711ABFE8DF00F90B6F /* Demo */,
				D4D271D81ABC51370056B8A1 /* Snaky */,
				D4E1C2211ABAB7DE003F3A50 /* OpenGLES.framework */,
				D445C5A51ABAF5220077193B /* Entitlements.plist */,
				D4DD2B5E1AB9D1BF004563BE /* Default-568h@2x.png */,
				D4DD2B5A1AB9D083004563BE /* Cross */,
				D4DD2B581AB9D07B004563BE /* OS */,
				D4DD2B311AB9D024004563BE /* iOS */,
				D4DD2B4B1AB9D024004563BE /* iOSTests */,
				D4DD2B301AB9D024004563BE /* Products */,
				D480F02E1AF7926F00C452D6 /* libfmodL_iphoneos.a */,
			);
			sourceTree = "<group>";
		};
		D4DD2B301AB9D024004563BE /* Products */ = {
			isa = PBXGroup;
			children = (
				D4DD2B2F1AB9D024004563BE /* Cross++.app */,
				D4DD2B481AB9D024004563BE /* iOSTests.xctest */,
			);
			name = Products;
			sourceTree = "<group>";
		};
		D4DD2B311AB9D024004563BE /* iOS */ = {
			isa = PBXGroup;
			children = (
				D4DD2B331AB9D024004563BE /* Info.plist */,
				D4DD2B361AB9D024004563BE /* AppDelegate.h */,
				D4DD2B371AB9D024004563BE /* AppDelegate.m */,
				D4DD2B5B1AB9D0F8004563BE /* GLRenderView.h */,
				D4DD2B5C1AB9D0F8004563BE /* GLRenderView.mm */,
				D4DD2B3C1AB9D024004563BE /* Main.storyboard */,
				D4DD2B3F1AB9D024004563BE /* Images.xcassets */,
				D4DD2B321AB9D024004563BE /* Supporting Files */,
			);
			path = iOS;
			sourceTree = "<group>";
		};
		D4DD2B321AB9D024004563BE /* Supporting Files */ = {
			isa = PBXGroup;
			children = (
				D4DD2B661AB9D867004563BE /* GLKit.framework */,
				D4DD2B341AB9D024004563BE /* main.m */,
			);
			name = "Supporting Files";
			sourceTree = "<group>";
		};
		D4DD2B4B1AB9D024004563BE /* iOSTests */ = {
			isa = PBXGroup;
			children = (
				D4DD2B4E1AB9D024004563BE /* iOSTests.m */,
				D4DD2B4C1AB9D024004563BE /* Supporting Files */,
			);
			path = iOSTests;
			sourceTree = "<group>";
		};
		D4DD2B4C1AB9D024004563BE /* Supporting Files */ = {
			isa = PBXGroup;
			children = (
				D4DD2B4D1AB9D024004563BE /* Info.plist */,
			);
			name = "Supporting Files";
			sourceTree = "<group>";
		};
		D4DD2B581AB9D07B004563BE /* OS */ = {
			isa = PBXGroup;
			children = (
				D4DD6D431AF780340030054C /* LauncherOS.h */,
				D4DD6D441AF780340030054C /* LauncherOS.mm */,
				D480F0251AF78D6100C452D6 /* AudioOS.h */,
				D480F0261AF78D8F00C452D6 /* AudioOS.cpp */,
			);
			path = OS;
			sourceTree = "<group>";
		};
		D4DD2B5A1AB9D083004563BE /* Cross */ = {
			isa = PBXGroup;
			children = (
				D4CCCB891ABFE95100F90B6F /* SOIL */,
				D4CCCB941ABFE95100F90B6F /* Utils */,
				D4CCCB861ABFE94B00F90B6F /* Image.cpp */,
				D4CCCB871ABFE94B00F90B6F /* Image.h */,
				D4D271E01ABC53640056B8A1 /* Game.cpp */,
				D4D271E11ABC53640056B8A1 /* Game.h */,
				D4D271E51ABC53640056B8A1 /* Screen.cpp */,
				D4D271E61ABC53640056B8A1 /* Screen.h */,
				D4DD2B611AB9D28C004563BE /* Graphics.h */,
				D4DD2B601AB9D28C004563BE /* Graphics.cpp */,
				D4E1C2201ABAB750003F3A50 /* Launcher.h */,
				D4BA7A3C1ACE72BE00F52C9C /* Input.h */,
				D4D4106A1AD2D22D009738A3 /* Input.cpp */,
				D4D7DE6D1AF776E2003D044C /* Music.h */,
				D4D7DE6E1AF776E2003D044C /* Sound.h */,
				D4DD6D461AF7808E0030054C /* Saver.cpp */,
				D4DD6D471AF7808E0030054C /* Saver.h */,
			);
			name = Cross;
			sourceTree = "<group>";
		};
		D4DD6D491AF780AA0030054C /* Assets */ = {
			isa = PBXGroup;
			children = (
				D4DD6D4A1AF780AA0030054C /* Background.jpg */,
				D4DD6D4B1AF780AA0030054C /* Eskimo.mp3 */,
				D4DD6D4C1AF780AA0030054C /* Font.png */,
				D4DD6D4D1AF780AA0030054C /* Jaguar.wav */,
				D4DD6D4E1AF780AA0030054C /* MusicOff.png */,
				D4DD6D4F1AF780AA0030054C /* MusicOn.png */,
				D4DD6D501AF780AA0030054C /* SoundButtonBlue.png */,
				D4DD6D511AF780AA0030054C /* SoundButtonGray.png */,
				D4DD6D521AF780AA0030054C /* SoundButtonYellow.png */,
				D4DD6D531AF780AA0030054C /* Spider */,
				D4DD6D5E1AF780AA0030054C /* SpiderRun.wav */,
				D4DD6D5F1AF780AA0030054C /* StartButtonDown.png */,
				D4DD6D601AF780AA0030054C /* StartButtonUp.png */,
				D4DD6D611AF780AA0030054C /* Truck.wav */,
				D4DD6D621AF780AA0030054C /* X256.png */,
			);
			name = Assets;
			path = ../../Games/Demo/Assets;
			sourceTree = "<group>";
		};
		D4DD6D531AF780AA0030054C /* Spider */ = {
			isa = PBXGroup;
			children = (
				D4DD6D541AF780AA0030054C /* 00.png */,
				D4DD6D551AF780AA0030054C /* 01.png */,
				D4DD6D561AF780AA0030054C /* 02.png */,
				D4DD6D571AF780AA0030054C /* 03.png */,
				D4DD6D581AF780AA0030054C /* 04.png */,
				D4DD6D591AF780AA0030054C /* 05.png */,
				D4DD6D5A1AF780AA0030054C /* 06.png */,
				D4DD6D5B1AF780AA0030054C /* 07.png */,
				D4DD6D5C1AF780AA0030054C /* Body.png */,
				D4DD6D5D1AF780AA0030054C /* Head.png */,
			);
			path = Spider;
			sourceTree = "<group>";
		};
/* End PBXGroup section */

/* Begin PBXNativeTarget section */
		D4DD2B2E1AB9D024004563BE /* iOS */ = {
			isa = PBXNativeTarget;
			buildConfigurationList = D4DD2B521AB9D024004563BE /* Build configuration list for PBXNativeTarget "iOS" */;
			buildPhases = (
				D4DD2B2B1AB9D024004563BE /* Sources */,
				D4DD2B2C1AB9D024004563BE /* Frameworks */,
				D4DD2B2D1AB9D024004563BE /* Resources */,
			);
			buildRules = (
			);
			dependencies = (
			);
			name = iOS;
			productName = iOS;
			productReference = D4DD2B2F1AB9D024004563BE /* Cross++.app */;
			productType = "com.apple.product-type.application";
		};
		D4DD2B471AB9D024004563BE /* iOSTests */ = {
			isa = PBXNativeTarget;
			buildConfigurationList = D4DD2B551AB9D024004563BE /* Build configuration list for PBXNativeTarget "iOSTests" */;
			buildPhases = (
				D4DD2B441AB9D024004563BE /* Sources */,
				D4DD2B451AB9D024004563BE /* Frameworks */,
				D4DD2B461AB9D024004563BE /* Resources */,
			);
			buildRules = (
			);
			dependencies = (
				D4DD2B4A1AB9D024004563BE /* PBXTargetDependency */,
			);
			name = iOSTests;
			productName = iOSTests;
			productReference = D4DD2B481AB9D024004563BE /* iOSTests.xctest */;
			productType = "com.apple.product-type.bundle.unit-test";
		};
/* End PBXNativeTarget section */

/* Begin PBXProject section */
		D4DD2B271AB9D023004563BE /* Project object */ = {
			isa = PBXProject;
			attributes = {
				LastUpgradeCheck = 0620;
				ORGANIZATIONNAME = "Lukyanau Maksim";
				TargetAttributes = {
					D4DD2B2E1AB9D024004563BE = {
						CreatedOnToolsVersion = 6.2;
					};
					D4DD2B471AB9D024004563BE = {
						CreatedOnToolsVersion = 6.2;
						TestTargetID = D4DD2B2E1AB9D024004563BE;
					};
				};
			};
			buildConfigurationList = D4DD2B2A1AB9D023004563BE /* Build configuration list for PBXProject "iOS" */;
			compatibilityVersion = "Xcode 3.2";
			developmentRegion = English;
			hasScannedForEncodings = 0;
			knownRegions = (
				en,
				Base,
			);
			mainGroup = D4DD2B261AB9D023004563BE;
			productRefGroup = D4DD2B301AB9D024004563BE /* Products */;
			projectDirPath = "";
			projectRoot = "";
			targets = (
				D4DD2B2E1AB9D024004563BE /* iOS */,
				D4DD2B471AB9D024004563BE /* iOSTests */,
			);
		};
/* End PBXProject section */

/* Begin PBXResourcesBuildPhase section */
		D4DD2B2D1AB9D024004563BE /* Resources */ = {
			isa = PBXResourcesBuildPhase;
			buildActionMask = 2147483647;
			files = (
				D4DD6D6D1AF780AA0030054C /* 01.png in Resources */,
				D4DD6D671AF780AA0030054C /* MusicOff.png in Resources */,
				D4DD6D661AF780AA0030054C /* Jaguar.wav in Resources */,
				D445C5A61ABAF5220077193B /* Entitlements.plist in Resources */,
				D4DD6D691AF780AA0030054C /* SoundButtonBlue.png in Resources */,
				D4DD6D711AF780AA0030054C /* 05.png in Resources */,
				D4DD2B3E1AB9D024004563BE /* Main.storyboard in Resources */,
				D4DD6D681AF780AA0030054C /* MusicOn.png in Resources */,
				D4DD6D6F1AF780AA0030054C /* 03.png in Resources */,
				D4DD6D741AF780AA0030054C /* Body.png in Resources */,
				D4DD6D731AF780AA0030054C /* 07.png in Resources */,
				D4DD6D6B1AF780AA0030054C /* SoundButtonYellow.png in Resources */,
				D4DD6D631AF780AA0030054C /* Background.jpg in Resources */,
				D4DD6D761AF780AA0030054C /* SpiderRun.wav in Resources */,
				D4DD6D651AF780AA0030054C /* Font.png in Resources */,
				D4DD6D6C1AF780AA0030054C /* 00.png in Resources */,
				D4DD6D6E1AF780AA0030054C /* 02.png in Resources */,
				D4DD2B401AB9D024004563BE /* Images.xcassets in Resources */,
				D4DD6D721AF780AA0030054C /* 06.png in Resources */,
				D4DD6D781AF780AA0030054C /* StartButtonUp.png in Resources */,
				D4DD6D751AF780AA0030054C /* Head.png in Resources */,
				D4DD6D641AF780AA0030054C /* Eskimo.mp3 in Resources */,
				D4DD6D771AF780AA0030054C /* StartButtonDown.png in Resources */,
				D4DD6D701AF780AA0030054C /* 04.png in Resources */,
				D4DD6D7A1AF780AA0030054C /* X256.png in Resources */,
				D4DD6D791AF780AA0030054C /* Truck.wav in Resources */,
				D4DD6D6A1AF780AA0030054C /* SoundButtonGray.png in Resources */,
				D4DD2B5F1AB9D1BF004563BE /* Default-568h@2x.png in Resources */,
			);
			runOnlyForDeploymentPostprocessing = 0;
		};
		D4DD2B461AB9D024004563BE /* Resources */ = {
			isa = PBXResourcesBuildPhase;
			buildActionMask = 2147483647;
			files = (
			);
			runOnlyForDeploymentPostprocessing = 0;
		};
/* End PBXResourcesBuildPhase section */

/* Begin PBXSourcesBuildPhase section */
		D4DD2B2B1AB9D024004563BE /* Sources */ = {
			isa = PBXSourcesBuildPhase;
			buildActionMask = 2147483647;
			files = (
				D4D9D6B21AC1672B00DD836B /* stb_image_aug.c in Sources */,
				D4D9D6BB1AC1673F00DD836B /* Texter.cpp in Sources */,
				D4DD6D481AF7808E0030054C /* Saver.cpp in Sources */,
				D4DD2B381AB9D024004563BE /* AppDelegate.m in Sources */,
				D4D7DE691AF7767E003D044C /* MainScreen.cpp in Sources */,
				D4D4106B1AD2D22D009738A3 /* Input.cpp in Sources */,
				D41CFDA51AC2B4A300EB4EA3 /* Debuger.cpp in Sources */,
				D4DD2B351AB9D024004563BE /* main.m in Sources */,
				D480F06E1AF7965A00C452D6 /* common.cpp in Sources */,
				D4D7DE6C1AF776C8003D044C /* ToggleButton.cpp in Sources */,
				D4DD2B621AB9D28C004563BE /* Graphics.cpp in Sources */,
				D480F06D1AF7965A00C452D6 /* common_platform.mm in Sources */,
				D4DD6D451AF780340030054C /* LauncherOS.mm in Sources */,
				D480F0271AF78D8F00C452D6 /* AudioOS.cpp in Sources */,
				D4D271E81ABC53640056B8A1 /* Game.cpp in Sources */,
				D4CCCB781ABFE90300F90B6F /* Demo.cpp in Sources */,
				D4D271EA1ABC53640056B8A1 /* Screen.cpp in Sources */,
				D4DD2B5D1AB9D0F8004563BE /* GLRenderView.mm in Sources */,
				D4D9D6BA1AC1673F00DD836B /* RectX.cpp in Sources */,
				D4D271DD1ABC51370056B8A1 /* MenuScreen.cpp in Sources */,
				D4CCCB881ABFE94B00F90B6F /* Image.cpp in Sources */,
				D4D9D6B01AC1672B00DD836B /* image_helper.c in Sources */,
				D4D271DE1ABC51370056B8A1 /* SnakyGame.cpp in Sources */,
				D4D9D6B91AC1673F00DD836B /* PointX.cpp in Sources */,
				D4D410691AD2D1BA009738A3 /* Button.cpp in Sources */,
				D4D9D6B11AC1672B00DD836B /* SOIL.c in Sources */,
				D4D4106E1AD2D329009738A3 /* SecondScreen.cpp in Sources */,
				D4AB38A51AD64D8500237794 /* Animation.cpp in Sources */,
			);
			runOnlyForDeploymentPostprocessing = 0;
		};
		D4DD2B441AB9D024004563BE /* Sources */ = {
			isa = PBXSourcesBuildPhase;
			buildActionMask = 2147483647;
			files = (
				D4DD2B4F1AB9D024004563BE /* iOSTests.m in Sources */,
			);
			runOnlyForDeploymentPostprocessing = 0;
		};
/* End PBXSourcesBuildPhase section */

/* Begin PBXTargetDependency section */
		D4DD2B4A1AB9D024004563BE /* PBXTargetDependency */ = {
			isa = PBXTargetDependency;
			target = D4DD2B2E1AB9D024004563BE /* iOS */;
			targetProxy = D4DD2B491AB9D024004563BE /* PBXContainerItemProxy */;
		};
/* End PBXTargetDependency section */

/* Begin PBXVariantGroup section */
		D4DD2B3C1AB9D024004563BE /* Main.storyboard */ = {
			isa = PBXVariantGroup;
			children = (
				D4DD2B3D1AB9D024004563BE /* Base */,
			);
			name = Main.storyboard;
			sourceTree = "<group>";
		};
/* End PBXVariantGroup section */

/* Begin XCBuildConfiguration section */
		D4DD2B501AB9D024004563BE /* Debug */ = {
			isa = XCBuildConfiguration;
			buildSettings = {
				ALWAYS_SEARCH_USER_PATHS = NO;
				CLANG_CXX_LANGUAGE_STANDARD = "gnu++0x";
				CLANG_CXX_LIBRARY = "libc++";
				CLANG_ENABLE_MODULES = YES;
				CLANG_ENABLE_OBJC_ARC = YES;
				CLANG_WARN_BOOL_CONVERSION = YES;
				CLANG_WARN_CONSTANT_CONVERSION = YES;
				CLANG_WARN_DIRECT_OBJC_ISA_USAGE = YES_ERROR;
				CLANG_WARN_EMPTY_BODY = YES;
				CLANG_WARN_ENUM_CONVERSION = YES;
				CLANG_WARN_INT_CONVERSION = YES;
				CLANG_WARN_OBJC_ROOT_CLASS = YES_ERROR;
				CLANG_WARN_UNREACHABLE_CODE = YES;
				CLANG_WARN__DUPLICATE_METHOD_MATCH = YES;
				CODE_SIGN_ENTITLEMENTS = Entitlements.plist;
				CODE_SIGN_IDENTITY = "-";
				"CODE_SIGN_IDENTITY[sdk=iphoneos*]" = "-";
				COPY_PHASE_STRIP = NO;
				ENABLE_STRICT_OBJC_MSGSEND = YES;
				GCC_C_LANGUAGE_STANDARD = gnu99;
				GCC_DYNAMIC_NO_PIC = NO;
				GCC_OPTIMIZATION_LEVEL = 0;
				GCC_PREPROCESSOR_DEFINITIONS = (
					"DEBUG=1",
					"$(inherited)",
				);
				GCC_SYMBOLS_PRIVATE_EXTERN = NO;
				GCC_WARN_64_TO_32_BIT_CONVERSION = YES;
				GCC_WARN_ABOUT_RETURN_TYPE = YES_ERROR;
				GCC_WARN_UNDECLARED_SELECTOR = YES;
				GCC_WARN_UNINITIALIZED_AUTOS = YES_AGGRESSIVE;
				GCC_WARN_UNUSED_FUNCTION = YES;
				GCC_WARN_UNUSED_VARIABLE = YES;
				IPHONEOS_DEPLOYMENT_TARGET = 8.2;
				MTL_ENABLE_DEBUG_INFO = YES;
				ONLY_ACTIVE_ARCH = YES;
				SDKROOT = iphoneos;
				TARGETED_DEVICE_FAMILY = "1,2";
			};
			name = Debug;
		};
		D4DD2B511AB9D024004563BE /* Release */ = {
			isa = XCBuildConfiguration;
			buildSettings = {
				ALWAYS_SEARCH_USER_PATHS = NO;
				CLANG_CXX_LANGUAGE_STANDARD = "gnu++0x";
				CLANG_CXX_LIBRARY = "libc++";
				CLANG_ENABLE_MODULES = YES;
				CLANG_ENABLE_OBJC_ARC = YES;
				CLANG_WARN_BOOL_CONVERSION = YES;
				CLANG_WARN_CONSTANT_CONVERSION = YES;
				CLANG_WARN_DIRECT_OBJC_ISA_USAGE = YES_ERROR;
				CLANG_WARN_EMPTY_BODY = YES;
				CLANG_WARN_ENUM_CONVERSION = YES;
				CLANG_WARN_INT_CONVERSION = YES;
				CLANG_WARN_OBJC_ROOT_CLASS = YES_ERROR;
				CLANG_WARN_UNREACHABLE_CODE = YES;
				CLANG_WARN__DUPLICATE_METHOD_MATCH = YES;
				CODE_SIGN_ENTITLEMENTS = Entitlements.plist;
				CODE_SIGN_IDENTITY = "-";
				"CODE_SIGN_IDENTITY[sdk=iphoneos*]" = "-";
				COPY_PHASE_STRIP = NO;
				ENABLE_NS_ASSERTIONS = NO;
				ENABLE_STRICT_OBJC_MSGSEND = YES;
				GCC_C_LANGUAGE_STANDARD = gnu99;
				GCC_WARN_64_TO_32_BIT_CONVERSION = YES;
				GCC_WARN_ABOUT_RETURN_TYPE = YES_ERROR;
				GCC_WARN_UNDECLARED_SELECTOR = YES;
				GCC_WARN_UNINITIALIZED_AUTOS = YES_AGGRESSIVE;
				GCC_WARN_UNUSED_FUNCTION = YES;
				GCC_WARN_UNUSED_VARIABLE = YES;
				IPHONEOS_DEPLOYMENT_TARGET = 8.2;
				MTL_ENABLE_DEBUG_INFO = NO;
				SDKROOT = iphoneos;
				TARGETED_DEVICE_FAMILY = "1,2";
				VALIDATE_PRODUCT = YES;
			};
			name = Release;
		};
		D4DD2B531AB9D024004563BE /* Debug */ = {
			isa = XCBuildConfiguration;
			buildSettings = {
				ASSETCATALOG_COMPILER_APPICON_NAME = AppIcon;
				CODE_SIGN_IDENTITY = "-";
				COMPRESS_PNG_FILES = NO;
				INFOPLIST_FILE = iOS/Info.plist;
				IPHONEOS_DEPLOYMENT_TARGET = 7.1;
				LD_RUNPATH_SEARCH_PATHS = "$(inherited) @executable_path/Frameworks";
				LIBRARY_SEARCH_PATHS = (
					"$(inherited)",
					"$(PROJECT_DIR)",
				);
				OTHER_LIBTOOLFLAGS = "";
				PRODUCT_NAME = "Cross++";
			};
			name = Debug;
		};
		D4DD2B541AB9D024004563BE /* Release */ = {
			isa = XCBuildConfiguration;
			buildSettings = {
				ASSETCATALOG_COMPILER_APPICON_NAME = AppIcon;
				CODE_SIGN_IDENTITY = "-";
				COMPRESS_PNG_FILES = NO;
				INFOPLIST_FILE = iOS/Info.plist;
				IPHONEOS_DEPLOYMENT_TARGET = 7.1;
				LD_RUNPATH_SEARCH_PATHS = "$(inherited) @executable_path/Frameworks";
				LIBRARY_SEARCH_PATHS = (
					"$(inherited)",
					"$(PROJECT_DIR)",
				);
				OTHER_LIBTOOLFLAGS = "";
				PRODUCT_NAME = "Cross++";
			};
			name = Release;
		};
		D4DD2B561AB9D024004563BE /* Debug */ = {
			isa = XCBuildConfiguration;
			buildSettings = {
				BUNDLE_LOADER = "$(TEST_HOST)";
				COMPRESS_PNG_FILES = NO;
				FRAMEWORK_SEARCH_PATHS = (
					"$(SDKROOT)/Developer/Library/Frameworks",
					"$(inherited)",
				);
				GCC_PREPROCESSOR_DEFINITIONS = (
					"DEBUG=1",
					"$(inherited)",
				);
				INFOPLIST_FILE = iOSTests/Info.plist;
				LD_RUNPATH_SEARCH_PATHS = "$(inherited) @executable_path/Frameworks @loader_path/Frameworks";
				PRODUCT_NAME = "$(TARGET_NAME)";
				TEST_HOST = "$(BUILT_PRODUCTS_DIR)/Cross++.app/Cross++";
			};
			name = Debug;
		};
		D4DD2B571AB9D024004563BE /* Release */ = {
			isa = XCBuildConfiguration;
			buildSettings = {
				BUNDLE_LOADER = "$(TEST_HOST)";
				COMPRESS_PNG_FILES = NO;
				FRAMEWORK_SEARCH_PATHS = (
					"$(SDKROOT)/Developer/Library/Frameworks",
					"$(inherited)",
				);
				INFOPLIST_FILE = iOSTests/Info.plist;
				LD_RUNPATH_SEARCH_PATHS = "$(inherited) @executable_path/Frameworks @loader_path/Frameworks";
				PRODUCT_NAME = "$(TARGET_NAME)";
				TEST_HOST = "$(BUILT_PRODUCTS_DIR)/Cross++.app/Cross++";
			};
			name = Release;
		};
/* End XCBuildConfiguration section */

/* Begin XCConfigurationList section */
		D4DD2B2A1AB9D023004563BE /* Build configuration list for PBXProject "iOS" */ = {
			isa = XCConfigurationList;
			buildConfigurations = (
				D4DD2B501AB9D024004563BE /* Debug */,
				D4DD2B511AB9D024004563BE /* Release */,
			);
			defaultConfigurationIsVisible = 0;
			defaultConfigurationName = Release;
		};
		D4DD2B521AB9D024004563BE /* Build configuration list for PBXNativeTarget "iOS" */ = {
			isa = XCConfigurationList;
			buildConfigurations = (
				D4DD2B531AB9D024004563BE /* Debug */,
				D4DD2B541AB9D024004563BE /* Release */,
			);
			defaultConfigurationIsVisible = 0;
			defaultConfigurationName = Release;
		};
		D4DD2B551AB9D024004563BE /* Build configuration list for PBXNativeTarget "iOSTests" */ = {
			isa = XCConfigurationList;
			buildConfigurations = (
				D4DD2B561AB9D024004563BE /* Debug */,
				D4DD2B571AB9D024004563BE /* Release */,
			);
			defaultConfigurationIsVisible = 0;
			defaultConfigurationName = Release;
		};
/* End XCConfigurationList section */
	};
	rootObject = D4DD2B271AB9D023004563BE /* Project object */;
}
