<?xml version="1.0" encoding="utf-8"?>
<Project ToolsVersion="4.0" xmlns="http://schemas.microsoft.com/developer/msbuild/2003">
  <ItemGroup>
    <Filter Include="Jim the Snake">
      <UniqueIdentifier>{86ef615b-2988-4d53-ad26-813fc83f2cf1}</UniqueIdentifier>
    </Filter>
    <Filter Include="Cross">
      <UniqueIdentifier>{68e30a3f-b25f-41cd-ae54-f3683f2916b0}</UniqueIdentifier>
    </Filter>
    <Filter Include="Cross\Utils">
      <UniqueIdentifier>{f61d60ea-bff3-43a3-8a18-e7f6ad633de5}</UniqueIdentifier>
    </Filter>
    <Filter Include="Cross\SOIL">
      <UniqueIdentifier>{cbb449b4-f41d-4a74-a0d6-10a618cb69ef}</UniqueIdentifier>
    </Filter>
    <Filter Include="Cross\FMOD">
      <UniqueIdentifier>{4d9c9bc0-51f1-4ead-8297-5564a587f9f2}</UniqueIdentifier>
    </Filter>
    <Filter Include="Cross\Platform">
      <UniqueIdentifier>{c25f50e8-eb57-4a57-87cf-ac705f97fba2}</UniqueIdentifier>
    </Filter>
    <Filter Include="Cross\Platform\Windows">
      <UniqueIdentifier>{8bf8b7b9-538c-402d-b825-ccd01d97c9d1}</UniqueIdentifier>
    </Filter>
    <Filter Include="Cross\Events">
      <UniqueIdentifier>{7386e8be-32d2-4b13-b711-4285213364a1}</UniqueIdentifier>
    </Filter>
  </ItemGroup>
  <ItemGroup>
    <ClCompile Include="..\..\Sources\MenuScreen.cpp">
      <Filter>Jim the Snake</Filter>
    </ClCompile>
    <ClCompile Include="..\..\..\..\Sources\Game.cpp">
      <Filter>Cross</Filter>
    </ClCompile>
    <ClCompile Include="..\..\..\..\Sources\Graphics.cpp">
      <Filter>Cross</Filter>
    </ClCompile>
    <ClCompile Include="..\..\..\..\Sources\Image.cpp">
      <Filter>Cross</Filter>
    </ClCompile>
    <ClCompile Include="..\..\..\..\Sources\Input.cpp">
      <Filter>Cross</Filter>
    </ClCompile>
    <ClCompile Include="..\..\..\..\Sources\Utils\Animation.cpp">
      <Filter>Cross\Utils</Filter>
    </ClCompile>
    <ClCompile Include="..\..\..\..\Sources\Utils\Button.cpp">
      <Filter>Cross\Utils</Filter>
    </ClCompile>
    <ClCompile Include="..\..\..\..\Sources\Utils\Debuger.cpp">
      <Filter>Cross\Utils</Filter>
    </ClCompile>
    <ClCompile Include="..\..\..\..\Sources\Utils\Texter.cpp">
      <Filter>Cross\Utils</Filter>
    </ClCompile>
    <ClCompile Include="..\..\..\..\Sources\Utils\ToggleButton.cpp">
      <Filter>Cross\Utils</Filter>
    </ClCompile>
    <ClCompile Include="..\..\..\..\Sources\SOIL\image_helper.c">
      <Filter>Cross\SOIL</Filter>
    </ClCompile>
    <ClCompile Include="..\..\..\..\Sources\SOIL\SOIL.c">
      <Filter>Cross\SOIL</Filter>
    </ClCompile>
    <ClCompile Include="..\..\..\..\Sources\SOIL\stb_image_aug.c">
      <Filter>Cross\SOIL</Filter>
    </ClCompile>
    <ClCompile Include="..\..\..\..\Sources\Platform\Windows\Cross.cpp">
      <Filter>Cross\Platform\Windows</Filter>
    </ClCompile>
    <ClCompile Include="..\..\..\..\Sources\Platform\Windows\LauncherWIN.cpp">
      <Filter>Cross\Platform\Windows</Filter>
    </ClCompile>
    <ClCompile Include="..\..\..\..\Sources\Audio.cpp">
      <Filter>Cross</Filter>
    </ClCompile>
    <ClCompile Include="..\..\Sources\GameScreen.cpp">
      <Filter>Jim the Snake</Filter>
    </ClCompile>
    <ClCompile Include="..\..\..\..\Sources\Utils\Misc.cpp">
      <Filter>Cross\Utils</Filter>
    </ClCompile>
    <ClCompile Include="..\..\Sources\Apple.cpp">
      <Filter>Jim the Snake</Filter>
    </ClCompile>
    <ClCompile Include="..\..\Sources\Snake.cpp">
      <Filter>Jim the Snake</Filter>
    </ClCompile>
    <ClCompile Include="..\..\Sources\Spider.cpp">
      <Filter>Jim the Snake</Filter>
    </ClCompile>
    <ClCompile Include="main.cpp" />
    <ClCompile Include="..\..\Sources\JimTheSnake.cpp">
      <Filter>Jim the Snake</Filter>
    </ClCompile>
    <ClCompile Include="..\..\..\..\Sources\Color.cpp">
      <Filter>Cross</Filter>
    </ClCompile>
    <ClCompile Include="..\..\..\..\Sources\Point.cpp">
      <Filter>Cross</Filter>
    </ClCompile>
    <ClCompile Include="..\..\..\..\Sources\Rect.cpp">
      <Filter>Cross</Filter>
    </ClCompile>
    <ClCompile Include="..\..\Sources\GameObject.cpp">
      <Filter>Jim the Snake</Filter>
    </ClCompile>
    <ClCompile Include="..\..\Sources\Body.cpp">
      <Filter>Jim the Snake</Filter>
    </ClCompile>
    <ClCompile Include="..\..\Sources\Cactus.cpp">
      <Filter>Jim the Snake</Filter>
    </ClCompile>
    <ClCompile Include="..\..\..\..\Sources\Launcher.cpp">
      <Filter>Cross</Filter>
    </ClCompile>
    <ClCompile Include="..\..\Sources\Collisioner.cpp">
      <Filter>Jim the Snake</Filter>
    </ClCompile>
    <ClCompile Include="..\..\..\..\Sources\Utils\Commercial.cpp">
      <Filter>Cross\Utils</Filter>
    </ClCompile>
    <ClCompile Include="..\..\..\..\Sources\Config.cpp">
      <Filter>Cross</Filter>
    </ClCompile>
  </ItemGroup>
  <ItemGroup>
    <ClInclude Include="..\..\Sources\MenuScreen.h">
      <Filter>Jim the Snake</Filter>
    </ClInclude>
    <ClInclude Include="..\..\..\..\Sources\Game.h">
      <Filter>Cross</Filter>
    </ClInclude>
    <ClInclude Include="..\..\..\..\Sources\Graphics.h">
      <Filter>Cross</Filter>
    </ClInclude>
    <ClInclude Include="..\..\..\..\Sources\Image.h">
      <Filter>Cross</Filter>
    </ClInclude>
    <ClInclude Include="..\..\..\..\Sources\Input.h">
      <Filter>Cross</Filter>
    </ClInclude>
    <ClInclude Include="..\..\..\..\Sources\Launcher.h">
      <Filter>Cross</Filter>
    </ClInclude>
    <ClInclude Include="..\..\..\..\Sources\Screen.h">
      <Filter>Cross</Filter>
    </ClInclude>
    <ClInclude Include="..\..\..\..\Sources\Utils\Animation.h">
      <Filter>Cross\Utils</Filter>
    </ClInclude>
    <ClInclude Include="..\..\..\..\Sources\Utils\Button.h">
      <Filter>Cross\Utils</Filter>
    </ClInclude>
    <ClInclude Include="..\..\..\..\Sources\Utils\Debuger.h">
      <Filter>Cross\Utils</Filter>
    </ClInclude>
    <ClInclude Include="..\..\..\..\Sources\Utils\Texter.h">
      <Filter>Cross\Utils</Filter>
    </ClInclude>
    <ClInclude Include="..\..\..\..\Sources\Utils\ToggleButton.h">
      <Filter>Cross\Utils</Filter>
    </ClInclude>
    <ClInclude Include="..\..\..\..\Sources\SOIL\image_helper.h">
      <Filter>Cross\SOIL</Filter>
    </ClInclude>
    <ClInclude Include="..\..\..\..\Sources\SOIL\SOIL.h">
      <Filter>Cross\SOIL</Filter>
    </ClInclude>
    <ClInclude Include="..\..\..\..\Sources\SOIL\stb_image_aug.h">
      <Filter>Cross\SOIL</Filter>
    </ClInclude>
    <ClInclude Include="..\..\..\..\Sources\FMOD\fmod.h">
      <Filter>Cross\FMOD</Filter>
    </ClInclude>
    <ClInclude Include="..\..\..\..\Sources\FMOD\fmod.hpp">
      <Filter>Cross\FMOD</Filter>
    </ClInclude>
    <ClInclude Include="..\..\..\..\Sources\FMOD\fmod_codec.h">
      <Filter>Cross\FMOD</Filter>
    </ClInclude>
    <ClInclude Include="..\..\..\..\Sources\FMOD\fmod_common.h">
      <Filter>Cross\FMOD</Filter>
    </ClInclude>
    <ClInclude Include="..\..\..\..\Sources\FMOD\fmod_dsp.h">
      <Filter>Cross\FMOD</Filter>
    </ClInclude>
    <ClInclude Include="..\..\..\..\Sources\FMOD\fmod_dsp_effects.h">
      <Filter>Cross\FMOD</Filter>
    </ClInclude>
    <ClInclude Include="..\..\..\..\Sources\FMOD\fmod_errors.h">
      <Filter>Cross\FMOD</Filter>
    </ClInclude>
    <ClInclude Include="..\..\..\..\Sources\FMOD\fmod_output.h">
      <Filter>Cross\FMOD</Filter>
    </ClInclude>
    <ClInclude Include="..\..\..\..\Sources\Platform\Windows\Cross.h">
      <Filter>Cross\Platform\Windows</Filter>
    </ClInclude>
    <ClInclude Include="..\..\..\..\Sources\Platform\Windows\LauncherWIN.h">
      <Filter>Cross\Platform\Windows</Filter>
    </ClInclude>
    <ClInclude Include="..\..\..\..\Sources\Audio.h">
      <Filter>Cross</Filter>
    </ClInclude>
    <ClInclude Include="..\..\Sources\GameScreen.h">
      <Filter>Jim the Snake</Filter>
    </ClInclude>
    <ClInclude Include="..\..\..\..\Sources\Utils\Misc.h">
      <Filter>Cross\Utils</Filter>
    </ClInclude>
    <ClInclude Include="..\..\Sources\Apple.h">
      <Filter>Jim the Snake</Filter>
    </ClInclude>
    <ClInclude Include="..\..\Sources\Snake.h">
      <Filter>Jim the Snake</Filter>
    </ClInclude>
    <ClInclude Include="..\..\Sources\Spider.h">
      <Filter>Jim the Snake</Filter>
    </ClInclude>
    <ClInclude Include="..\..\Sources\Eatable.h">
      <Filter>Jim the Snake</Filter>
    </ClInclude>
    <ClInclude Include="resource.h" />
    <ClInclude Include="..\..\Sources\JimTheSnake.h">
      <Filter>Jim the Snake</Filter>
    </ClInclude>
    <ClInclude Include="..\..\..\..\Sources\Color.h">
      <Filter>Cross</Filter>
    </ClInclude>
    <ClInclude Include="..\..\..\..\Sources\Point.h">
      <Filter>Cross</Filter>
    </ClInclude>
    <ClInclude Include="..\..\..\..\Sources\Rect.h">
      <Filter>Cross</Filter>
    </ClInclude>
    <ClInclude Include="..\..\Sources\GameObject.h">
      <Filter>Jim the Snake</Filter>
    </ClInclude>
    <ClInclude Include="..\..\Sources\Body.h">
      <Filter>Jim the Snake</Filter>
    </ClInclude>
    <ClInclude Include="..\..\Sources\Cactus.h">
      <Filter>Jim the Snake</Filter>
    </ClInclude>
    <ClInclude Include="..\..\Sources\Collisioner.h">
      <Filter>Jim the Snake</Filter>
    </ClInclude>
    <ClInclude Include="..\..\..\..\Sources\Utils\Commercial.h">
      <Filter>Cross\Utils</Filter>
    </ClInclude>
    <ClInclude Include="..\..\..\..\Sources\Events\Event.h">
      <Filter>Cross\Events</Filter>
    </ClInclude>
    <ClInclude Include="..\..\..\..\Sources\Events\FastDelegate.h">
      <Filter>Cross\Events</Filter>
    </ClInclude>
    <ClInclude Include="..\..\..\..\Sources\Events\FastDelegateBind.h">
      <Filter>Cross\Events</Filter>
    </ClInclude>
    <ClInclude Include="..\..\..\..\Sources\Config.h">
      <Filter>Cross</Filter>
    </ClInclude>
  </ItemGroup>
  <ItemGroup>
    <ResourceCompile Include="Jim the Snake.rc" />
  </ItemGroup>
</Project>